
Microsoft Visual Studio Solution File, Format Version 12.00
# Visual Studio Version 17
VisualStudioVersion = 17.0.31903.59
MinimumVisualStudioVersion = 10.0.40219.1
Project("{2150E333-8FDC-42A3-9474-1A3956D46DE8}") = "TicTacToe", "TicTacToe", "{19132832-0017-C3EC-E2BC-92D307E64759}"
EndProject
Project("{2150E333-8FDC-42A3-9474-1A3956D46DE8}") = "Shared", "Shared", "{A1C75658-F799-52C9-43D4-7465778AC0D9}"
EndProject
Project("{FAE04EC0-301F-11D3-BF4B-00C04F79EFBC}") = "TicTacToe.Shared", "TicTacToe\Shared\TicTacToe.Shared.csproj", "{4FAB16E1-7074-4F90-91DD-453C66FF12CF}"
EndProject
Project("{2150E333-8FDC-42A3-9474-1A3956D46DE8}") = "Client", "Client", "{14B0C465-6458-8E3C-C5A1-A971968602D2}"
EndProject
Project("{FAE04EC0-301F-11D3-BF4B-00C04F79EFBC}") = "TicTacToe.Client", "TicTacToe\Client\TicTacToe.Client.csproj", "{73140870-0F82-4020-9E79-FDF78BB3C077}"
EndProject
Project("{2150E333-8FDC-42A3-9474-1A3956D46DE8}") = "Server", "Server", "{FDCB6AC9-37B8-6D91-62A2-3650D10A68F9}"
EndProject
Project("{FAE04EC0-301F-11D3-BF4B-00C04F79EFBC}") = "TicTacToe.Server", "TicTacToe\Server\TicTacToe.Server.csproj", "{B6EA23C1-B9CF-4CEC-A484-63D7F8E020F1}"
EndProject
Project("{2150E333-8FDC-42A3-9474-1A3956D46DE8}") = "TicTacToe(session-gateway)", "TicTacToe(session-gateway)", "{10525980-61A0-B8B9-3E83-976BB95CE4DC}"
EndProject
Project("{2150E333-8FDC-42A3-9474-1A3956D46DE8}") = "Shared", "Shared", "{A765B3B8-09B0-F206-E9E5-C07089435E33}"
EndProject
Project("{FAE04EC0-301F-11D3-BF4B-00C04F79EFBC}") = "TicTacToe.SessionGateway.Shared", "TicTacToe(session-gateway)\Shared\TicTacToe.SessionGateway.Shared.csproj", "{6E2BAB47-A998-4536-889F-6C3AB8C2BDBE}"
EndProject
Project("{2150E333-8FDC-42A3-9474-1A3956D46DE8}") = "Client", "Client", "{0E2EBACF-81C2-63C3-BECD-A32A71265503}"
EndProject
Project("{FAE04EC0-301F-11D3-BF4B-00C04F79EFBC}") = "TicTacToe.SessionGateway.Client", "TicTacToe(session-gateway)\Client\TicTacToe.SessionGateway.Client.csproj", "{6CB91C5F-4CC0-4C69-A31B-D33E83B40074}"
EndProject
Project("{2150E333-8FDC-42A3-9474-1A3956D46DE8}") = "Api", "Api", "{4A1DCD77-8A54-6ED0-D643-C0886633F8E8}"
EndProject
Project("{FAE04EC0-301F-11D3-BF4B-00C04F79EFBC}") = "TicTacToe.SessionGateway.Api", "TicTacToe(session-gateway)\Api\TicTacToe.SessionGateway.Api.csproj", "{FFABF3F2-ED9B-4A76-BCBB-745AC2337DBC}"
EndProject
Project("{2150E333-8FDC-42A3-9474-1A3956D46DE8}") = "Infrastructure", "Infrastructure", "{69F8F2EC-14E2-3274-09F1-66AD6000E97A}"
EndProject
Project("{FAE04EC0-301F-11D3-BF4B-00C04F79EFBC}") = "TicTacToe.SessionGateway.Infrastructure", "TicTacToe(session-gateway)\Infrastructure\TicTacToe.SessionGateway.Infrastructure.csproj", "{ED040C82-82DC-42EE-9295-A0C0BDB16DA5}"
EndProject
Project("{2150E333-8FDC-42A3-9474-1A3956D46DE8}") = "Play", "Play", "{B107909E-67E0-2F7B-6DB5-00BB0FD96551}"
EndProject
Project("{FAE04EC0-301F-11D3-BF4B-00C04F79EFBC}") = "TicTacToe.SessionGateway.Play", "TicTacToe(session-gateway)\Play\TicTacToe.SessionGateway.Play.csproj", "{301D264E-E887-4CBE-A3A0-7F06C823F260}"
EndProject
Project("{2150E333-8FDC-42A3-9474-1A3956D46DE8}") = "Session", "Session", "{E4779B10-CE8C-E82F-78D4-4D74BD61B0D0}"
EndProject
Project("{FAE04EC0-301F-11D3-BF4B-00C04F79EFBC}") = "TicTacToe.SessionGateway.Session", "TicTacToe(session-gateway)\Session\TicTacToe.SessionGateway.Session.csproj", "{0B483A30-A988-4930-9869-88FF1A0642F5}"
EndProject
Project("{2150E333-8FDC-42A3-9474-1A3956D46DE8}") = "Registry", "Registry", "{E3CEFBA5-EFC2-FF2A-89C8-27E80C3EF596}"
EndProject
Project("{FAE04EC0-301F-11D3-BF4B-00C04F79EFBC}") = "TicTacToe.SessionGateway.Registry", "TicTacToe(session-gateway)\Registry\TicTacToe.SessionGateway.Registry.csproj", "{77EF4F14-9B4C-4F0B-BCEF-8B03371F02D6}"
EndProject
Project("{2150E333-8FDC-42A3-9474-1A3956D46DE8}") = "Server", "Server", "{D654CC1B-7A3D-EB09-49EA-CE4341C9F674}"
EndProject
Project("{FAE04EC0-301F-11D3-BF4B-00C04F79EFBC}") = "TicTacToe.SessionGateway.Server", "TicTacToe(session-gateway)\Server\TicTacToe.SessionGateway.Server.csproj", "{322155BA-FD00-42FF-B44F-BC929945ACED}"
EndProject
Project("{2150E333-8FDC-42A3-9474-1A3956D46DE8}") = "Bingo(session-gateway)", "Bingo(session-gateway)", "{68E56C11-8761-D709-99CD-F61E434BBE03}"
EndProject
Project("{FAE04EC0-301F-11D3-BF4B-00C04F79EFBC}") = "Bingo.SessionGateway", "Bingo(session-gateway)\Bingo.SessionGateway.csproj", "{1A592F1F-084C-47DE-84C6-EBC43041AC66}"
EndProject
Global
	GlobalSection(SolutionConfigurationPlatforms) = preSolution
		Debug|Any CPU = Debug|Any CPU
		Debug|x64 = Debug|x64
		Debug|x86 = Debug|x86
		Release|Any CPU = Release|Any CPU
		Release|x64 = Release|x64
		Release|x86 = Release|x86
	EndGlobalSection
	GlobalSection(ProjectConfigurationPlatforms) = postSolution
		{4FAB16E1-7074-4F90-91DD-453C66FF12CF}.Debug|Any CPU.ActiveCfg = Debug|Any CPU
		{4FAB16E1-7074-4F90-91DD-453C66FF12CF}.Debug|Any CPU.Build.0 = Debug|Any CPU
		{4FAB16E1-7074-4F90-91DD-453C66FF12CF}.Debug|x64.ActiveCfg = Debug|Any CPU
		{4FAB16E1-7074-4F90-91DD-453C66FF12CF}.Debug|x64.Build.0 = Debug|Any CPU
		{4FAB16E1-7074-4F90-91DD-453C66FF12CF}.Debug|x86.ActiveCfg = Debug|Any CPU
		{4FAB16E1-7074-4F90-91DD-453C66FF12CF}.Debug|x86.Build.0 = Debug|Any CPU
		{4FAB16E1-7074-4F90-91DD-453C66FF12CF}.Release|Any CPU.ActiveCfg = Release|Any CPU
		{4FAB16E1-7074-4F90-91DD-453C66FF12CF}.Release|Any CPU.Build.0 = Release|Any CPU
		{4FAB16E1-7074-4F90-91DD-453C66FF12CF}.Release|x64.ActiveCfg = Release|Any CPU
		{4FAB16E1-7074-4F90-91DD-453C66FF12CF}.Release|x64.Build.0 = Release|Any CPU
		{4FAB16E1-7074-4F90-91DD-453C66FF12CF}.Release|x86.ActiveCfg = Release|Any CPU
		{4FAB16E1-7074-4F90-91DD-453C66FF12CF}.Release|x86.Build.0 = Release|Any CPU
		{73140870-0F82-4020-9E79-FDF78BB3C077}.Debug|Any CPU.ActiveCfg = Debug|Any CPU
		{73140870-0F82-4020-9E79-FDF78BB3C077}.Debug|Any CPU.Build.0 = Debug|Any CPU
		{73140870-0F82-4020-9E79-FDF78BB3C077}.Debug|x64.ActiveCfg = Debug|Any CPU
		{73140870-0F82-4020-9E79-FDF78BB3C077}.Debug|x64.Build.0 = Debug|Any CPU
		{73140870-0F82-4020-9E79-FDF78BB3C077}.Debug|x86.ActiveCfg = Debug|Any CPU
		{73140870-0F82-4020-9E79-FDF78BB3C077}.Debug|x86.Build.0 = Debug|Any CPU
		{73140870-0F82-4020-9E79-FDF78BB3C077}.Release|Any CPU.ActiveCfg = Release|Any CPU
		{73140870-0F82-4020-9E79-FDF78BB3C077}.Release|Any CPU.Build.0 = Release|Any CPU
		{73140870-0F82-4020-9E79-FDF78BB3C077}.Release|x64.ActiveCfg = Release|Any CPU
		{73140870-0F82-4020-9E79-FDF78BB3C077}.Release|x64.Build.0 = Release|Any CPU
		{73140870-0F82-4020-9E79-FDF78BB3C077}.Release|x86.ActiveCfg = Release|Any CPU
		{73140870-0F82-4020-9E79-FDF78BB3C077}.Release|x86.Build.0 = Release|Any CPU
		{B6EA23C1-B9CF-4CEC-A484-63D7F8E020F1}.Debug|Any CPU.ActiveCfg = Debug|Any CPU
		{B6EA23C1-B9CF-4CEC-A484-63D7F8E020F1}.Debug|Any CPU.Build.0 = Debug|Any CPU
		{B6EA23C1-B9CF-4CEC-A484-63D7F8E020F1}.Debug|x64.ActiveCfg = Debug|Any CPU
		{B6EA23C1-B9CF-4CEC-A484-63D7F8E020F1}.Debug|x64.Build.0 = Debug|Any CPU
		{B6EA23C1-B9CF-4CEC-A484-63D7F8E020F1}.Debug|x86.ActiveCfg = Debug|Any CPU
		{B6EA23C1-B9CF-4CEC-A484-63D7F8E020F1}.Debug|x86.Build.0 = Debug|Any CPU
		{B6EA23C1-B9CF-4CEC-A484-63D7F8E020F1}.Release|Any CPU.ActiveCfg = Release|Any CPU
		{B6EA23C1-B9CF-4CEC-A484-63D7F8E020F1}.Release|Any CPU.Build.0 = Release|Any CPU
		{B6EA23C1-B9CF-4CEC-A484-63D7F8E020F1}.Release|x64.ActiveCfg = Release|Any CPU
		{B6EA23C1-B9CF-4CEC-A484-63D7F8E020F1}.Release|x64.Build.0 = Release|Any CPU
		{B6EA23C1-B9CF-4CEC-A484-63D7F8E020F1}.Release|x86.ActiveCfg = Release|Any CPU
		{B6EA23C1-B9CF-4CEC-A484-63D7F8E020F1}.Release|x86.Build.0 = Release|Any CPU
		{6E2BAB47-A998-4536-889F-6C3AB8C2BDBE}.Debug|Any CPU.ActiveCfg = Debug|Any CPU
		{6E2BAB47-A998-4536-889F-6C3AB8C2BDBE}.Debug|Any CPU.Build.0 = Debug|Any CPU
		{6E2BAB47-A998-4536-889F-6C3AB8C2BDBE}.Debug|x64.ActiveCfg = Debug|Any CPU
		{6E2BAB47-A998-4536-889F-6C3AB8C2BDBE}.Debug|x64.Build.0 = Debug|Any CPU
		{6E2BAB47-A998-4536-889F-6C3AB8C2BDBE}.Debug|x86.ActiveCfg = Debug|Any CPU
		{6E2BAB47-A998-4536-889F-6C3AB8C2BDBE}.Debug|x86.Build.0 = Debug|Any CPU
		{6E2BAB47-A998-4536-889F-6C3AB8C2BDBE}.Release|Any CPU.ActiveCfg = Release|Any CPU
		{6E2BAB47-A998-4536-889F-6C3AB8C2BDBE}.Release|Any CPU.Build.0 = Release|Any CPU
		{6E2BAB47-A998-4536-889F-6C3AB8C2BDBE}.Release|x64.ActiveCfg = Release|Any CPU
		{6E2BAB47-A998-4536-889F-6C3AB8C2BDBE}.Release|x64.Build.0 = Release|Any CPU
		{6E2BAB47-A998-4536-889F-6C3AB8C2BDBE}.Release|x86.ActiveCfg = Release|Any CPU
		{6E2BAB47-A998-4536-889F-6C3AB8C2BDBE}.Release|x86.Build.0 = Release|Any CPU
		{6CB91C5F-4CC0-4C69-A31B-D33E83B40074}.Debug|Any CPU.ActiveCfg = Debug|Any CPU
		{6CB91C5F-4CC0-4C69-A31B-D33E83B40074}.Debug|Any CPU.Build.0 = Debug|Any CPU
		{6CB91C5F-4CC0-4C69-A31B-D33E83B40074}.Debug|x64.ActiveCfg = Debug|Any CPU
		{6CB91C5F-4CC0-4C69-A31B-D33E83B40074}.Debug|x64.Build.0 = Debug|Any CPU
		{6CB91C5F-4CC0-4C69-A31B-D33E83B40074}.Debug|x86.ActiveCfg = Debug|Any CPU
		{6CB91C5F-4CC0-4C69-A31B-D33E83B40074}.Debug|x86.Build.0 = Debug|Any CPU
		{6CB91C5F-4CC0-4C69-A31B-D33E83B40074}.Release|Any CPU.ActiveCfg = Release|Any CPU
		{6CB91C5F-4CC0-4C69-A31B-D33E83B40074}.Release|Any CPU.Build.0 = Release|Any CPU
		{6CB91C5F-4CC0-4C69-A31B-D33E83B40074}.Release|x64.ActiveCfg = Release|Any CPU
		{6CB91C5F-4CC0-4C69-A31B-D33E83B40074}.Release|x64.Build.0 = Release|Any CPU
		{6CB91C5F-4CC0-4C69-A31B-D33E83B40074}.Release|x86.ActiveCfg = Release|Any CPU
		{6CB91C5F-4CC0-4C69-A31B-D33E83B40074}.Release|x86.Build.0 = Release|Any CPU
		{FFABF3F2-ED9B-4A76-BCBB-745AC2337DBC}.Debug|Any CPU.ActiveCfg = Debug|Any CPU
		{FFABF3F2-ED9B-4A76-BCBB-745AC2337DBC}.Debug|Any CPU.Build.0 = Debug|Any CPU
		{FFABF3F2-ED9B-4A76-BCBB-745AC2337DBC}.Debug|x64.ActiveCfg = Debug|Any CPU
		{FFABF3F2-ED9B-4A76-BCBB-745AC2337DBC}.Debug|x64.Build.0 = Debug|Any CPU
		{FFABF3F2-ED9B-4A76-BCBB-745AC2337DBC}.Debug|x86.ActiveCfg = Debug|Any CPU
		{FFABF3F2-ED9B-4A76-BCBB-745AC2337DBC}.Debug|x86.Build.0 = Debug|Any CPU
		{FFABF3F2-ED9B-4A76-BCBB-745AC2337DBC}.Release|Any CPU.ActiveCfg = Release|Any CPU
		{FFABF3F2-ED9B-4A76-BCBB-745AC2337DBC}.Release|Any CPU.Build.0 = Release|Any CPU
		{FFABF3F2-ED9B-4A76-BCBB-745AC2337DBC}.Release|x64.ActiveCfg = Release|Any CPU
		{FFABF3F2-ED9B-4A76-BCBB-745AC2337DBC}.Release|x64.Build.0 = Release|Any CPU
		{FFABF3F2-ED9B-4A76-BCBB-745AC2337DBC}.Release|x86.ActiveCfg = Release|Any CPU
		{FFABF3F2-ED9B-4A76-BCBB-745AC2337DBC}.Release|x86.Build.0 = Release|Any CPU
		{ED040C82-82DC-42EE-9295-A0C0BDB16DA5}.Debug|Any CPU.ActiveCfg = Debug|Any CPU
		{ED040C82-82DC-42EE-9295-A0C0BDB16DA5}.Debug|Any CPU.Build.0 = Debug|Any CPU
		{ED040C82-82DC-42EE-9295-A0C0BDB16DA5}.Debug|x64.ActiveCfg = Debug|Any CPU
		{ED040C82-82DC-42EE-9295-A0C0BDB16DA5}.Debug|x64.Build.0 = Debug|Any CPU
		{ED040C82-82DC-42EE-9295-A0C0BDB16DA5}.Debug|x86.ActiveCfg = Debug|Any CPU
		{ED040C82-82DC-42EE-9295-A0C0BDB16DA5}.Debug|x86.Build.0 = Debug|Any CPU
		{ED040C82-82DC-42EE-9295-A0C0BDB16DA5}.Release|Any CPU.ActiveCfg = Release|Any CPU
		{ED040C82-82DC-42EE-9295-A0C0BDB16DA5}.Release|Any CPU.Build.0 = Release|Any CPU
		{ED040C82-82DC-42EE-9295-A0C0BDB16DA5}.Release|x64.ActiveCfg = Release|Any CPU
		{ED040C82-82DC-42EE-9295-A0C0BDB16DA5}.Release|x64.Build.0 = Release|Any CPU
		{ED040C82-82DC-42EE-9295-A0C0BDB16DA5}.Release|x86.ActiveCfg = Release|Any CPU
		{ED040C82-82DC-42EE-9295-A0C0BDB16DA5}.Release|x86.Build.0 = Release|Any CPU
		{301D264E-E887-4CBE-A3A0-7F06C823F260}.Debug|Any CPU.ActiveCfg = Debug|Any CPU
		{301D264E-E887-4CBE-A3A0-7F06C823F260}.Debug|Any CPU.Build.0 = Debug|Any CPU
		{301D264E-E887-4CBE-A3A0-7F06C823F260}.Debug|x64.ActiveCfg = Debug|Any CPU
		{301D264E-E887-4CBE-A3A0-7F06C823F260}.Debug|x64.Build.0 = Debug|Any CPU
		{301D264E-E887-4CBE-A3A0-7F06C823F260}.Debug|x86.ActiveCfg = Debug|Any CPU
		{301D264E-E887-4CBE-A3A0-7F06C823F260}.Debug|x86.Build.0 = Debug|Any CPU
		{301D264E-E887-4CBE-A3A0-7F06C823F260}.Release|Any CPU.ActiveCfg = Release|Any CPU
		{301D264E-E887-4CBE-A3A0-7F06C823F260}.Release|Any CPU.Build.0 = Release|Any CPU
		{301D264E-E887-4CBE-A3A0-7F06C823F260}.Release|x64.ActiveCfg = Release|Any CPU
		{301D264E-E887-4CBE-A3A0-7F06C823F260}.Release|x64.Build.0 = Release|Any CPU
		{301D264E-E887-4CBE-A3A0-7F06C823F260}.Release|x86.ActiveCfg = Release|Any CPU
		{301D264E-E887-4CBE-A3A0-7F06C823F260}.Release|x86.Build.0 = Release|Any CPU
		{0B483A30-A988-4930-9869-88FF1A0642F5}.Debug|Any CPU.ActiveCfg = Debug|Any CPU
		{0B483A30-A988-4930-9869-88FF1A0642F5}.Debug|Any CPU.Build.0 = Debug|Any CPU
		{0B483A30-A988-4930-9869-88FF1A0642F5}.Debug|x64.ActiveCfg = Debug|Any CPU
		{0B483A30-A988-4930-9869-88FF1A0642F5}.Debug|x64.Build.0 = Debug|Any CPU
		{0B483A30-A988-4930-9869-88FF1A0642F5}.Debug|x86.ActiveCfg = Debug|Any CPU
		{0B483A30-A988-4930-9869-88FF1A0642F5}.Debug|x86.Build.0 = Debug|Any CPU
		{0B483A30-A988-4930-9869-88FF1A0642F5}.Release|Any CPU.ActiveCfg = Release|Any CPU
		{0B483A30-A988-4930-9869-88FF1A0642F5}.Release|Any CPU.Build.0 = Release|Any CPU
		{0B483A30-A988-4930-9869-88FF1A0642F5}.Release|x64.ActiveCfg = Release|Any CPU
		{0B483A30-A988-4930-9869-88FF1A0642F5}.Release|x64.Build.0 = Release|Any CPU
		{0B483A30-A988-4930-9869-88FF1A0642F5}.Release|x86.ActiveCfg = Release|Any CPU
		{0B483A30-A988-4930-9869-88FF1A0642F5}.Release|x86.Build.0 = Release|Any CPU
		{77EF4F14-9B4C-4F0B-BCEF-8B03371F02D6}.Debug|Any CPU.ActiveCfg = Debug|Any CPU
		{77EF4F14-9B4C-4F0B-BCEF-8B03371F02D6}.Debug|Any CPU.Build.0 = Debug|Any CPU
		{77EF4F14-9B4C-4F0B-BCEF-8B03371F02D6}.Debug|x64.ActiveCfg = Debug|Any CPU
		{77EF4F14-9B4C-4F0B-BCEF-8B03371F02D6}.Debug|x64.Build.0 = Debug|Any CPU
		{77EF4F14-9B4C-4F0B-BCEF-8B03371F02D6}.Debug|x86.ActiveCfg = Debug|Any CPU
		{77EF4F14-9B4C-4F0B-BCEF-8B03371F02D6}.Debug|x86.Build.0 = Debug|Any CPU
		{77EF4F14-9B4C-4F0B-BCEF-8B03371F02D6}.Release|Any CPU.ActiveCfg = Release|Any CPU
		{77EF4F14-9B4C-4F0B-BCEF-8B03371F02D6}.Release|Any CPU.Build.0 = Release|Any CPU
		{77EF4F14-9B4C-4F0B-BCEF-8B03371F02D6}.Release|x64.ActiveCfg = Release|Any CPU
		{77EF4F14-9B4C-4F0B-BCEF-8B03371F02D6}.Release|x64.Build.0 = Release|Any CPU
		{77EF4F14-9B4C-4F0B-BCEF-8B03371F02D6}.Release|x86.ActiveCfg = Release|Any CPU
		{77EF4F14-9B4C-4F0B-BCEF-8B03371F02D6}.Release|x86.Build.0 = Release|Any CPU
		{322155BA-FD00-42FF-B44F-BC929945ACED}.Debug|Any CPU.ActiveCfg = Debug|Any CPU
		{322155BA-FD00-42FF-B44F-BC929945ACED}.Debug|Any CPU.Build.0 = Debug|Any CPU
		{322155BA-FD00-42FF-B44F-BC929945ACED}.Debug|x64.ActiveCfg = Debug|Any CPU
		{322155BA-FD00-42FF-B44F-BC929945ACED}.Debug|x64.Build.0 = Debug|Any CPU
		{322155BA-FD00-42FF-B44F-BC929945ACED}.Debug|x86.ActiveCfg = Debug|Any CPU
		{322155BA-FD00-42FF-B44F-BC929945ACED}.Debug|x86.Build.0 = Debug|Any CPU
		{322155BA-FD00-42FF-B44F-BC929945ACED}.Release|Any CPU.ActiveCfg = Release|Any CPU
		{322155BA-FD00-42FF-B44F-BC929945ACED}.Release|Any CPU.Build.0 = Release|Any CPU
		{322155BA-FD00-42FF-B44F-BC929945ACED}.Release|x64.ActiveCfg = Release|Any CPU
		{322155BA-FD00-42FF-B44F-BC929945ACED}.Release|x64.Build.0 = Release|Any CPU
		{322155BA-FD00-42FF-B44F-BC929945ACED}.Release|x86.ActiveCfg = Release|Any CPU
		{322155BA-FD00-42FF-B44F-BC929945ACED}.Release|x86.Build.0 = Release|Any CPU
		{1A592F1F-084C-47DE-84C6-EBC43041AC66}.Debug|Any CPU.ActiveCfg = Debug|Any CPU
		{1A592F1F-084C-47DE-84C6-EBC43041AC66}.Debug|Any CPU.Build.0 = Debug|Any CPU
		{1A592F1F-084C-47DE-84C6-EBC43041AC66}.Debug|x64.ActiveCfg = Debug|Any CPU
		{1A592F1F-084C-47DE-84C6-EBC43041AC66}.Debug|x64.Build.0 = Debug|Any CPU
		{1A592F1F-084C-47DE-84C6-EBC43041AC66}.Debug|x86.ActiveCfg = Debug|Any CPU
		{1A592F1F-084C-47DE-84C6-EBC43041AC66}.Debug|x86.Build.0 = Debug|Any CPU
		{1A592F1F-084C-47DE-84C6-EBC43041AC66}.Release|Any CPU.ActiveCfg = Release|Any CPU
		{1A592F1F-084C-47DE-84C6-EBC43041AC66}.Release|Any CPU.Build.0 = Release|Any CPU
		{1A592F1F-084C-47DE-84C6-EBC43041AC66}.Release|x64.ActiveCfg = Release|Any CPU
		{1A592F1F-084C-47DE-84C6-EBC43041AC66}.Release|x64.Build.0 = Release|Any CPU
		{1A592F1F-084C-47DE-84C6-EBC43041AC66}.Release|x86.ActiveCfg = Release|Any CPU
		{1A592F1F-084C-47DE-84C6-EBC43041AC66}.Release|x86.Build.0 = Release|Any CPU
	EndGlobalSection
	GlobalSection(SolutionProperties) = preSolution
		HideSolutionNode = FALSE
	EndGlobalSection
	GlobalSection(NestedProjects) = preSolution
		{A1C75658-F799-52C9-43D4-7465778AC0D9} = {19132832-0017-C3EC-E2BC-92D307E64759}
		{4FAB16E1-7074-4F90-91DD-453C66FF12CF} = {A1C75658-F799-52C9-43D4-7465778AC0D9}
		{14B0C465-6458-8E3C-C5A1-A971968602D2} = {19132832-0017-C3EC-E2BC-92D307E64759}
		{73140870-0F82-4020-9E79-FDF78BB3C077} = {14B0C465-6458-8E3C-C5A1-A971968602D2}
		{FDCB6AC9-37B8-6D91-62A2-3650D10A68F9} = {19132832-0017-C3EC-E2BC-92D307E64759}
		{B6EA23C1-B9CF-4CEC-A484-63D7F8E020F1} = {FDCB6AC9-37B8-6D91-62A2-3650D10A68F9}
		{A765B3B8-09B0-F206-E9E5-C07089435E33} = {10525980-61A0-B8B9-3E83-976BB95CE4DC}
		{6E2BAB47-A998-4536-889F-6C3AB8C2BDBE} = {A765B3B8-09B0-F206-E9E5-C07089435E33}
		{0E2EBACF-81C2-63C3-BECD-A32A71265503} = {10525980-61A0-B8B9-3E83-976BB95CE4DC}
		{6CB91C5F-4CC0-4C69-A31B-D33E83B40074} = {0E2EBACF-81C2-63C3-BECD-A32A71265503}
		{4A1DCD77-8A54-6ED0-D643-C0886633F8E8} = {10525980-61A0-B8B9-3E83-976BB95CE4DC}
		{FFABF3F2-ED9B-4A76-BCBB-745AC2337DBC} = {4A1DCD77-8A54-6ED0-D643-C0886633F8E8}
		{69F8F2EC-14E2-3274-09F1-66AD6000E97A} = {10525980-61A0-B8B9-3E83-976BB95CE4DC}
		{ED040C82-82DC-42EE-9295-A0C0BDB16DA5} = {69F8F2EC-14E2-3274-09F1-66AD6000E97A}
		{B107909E-67E0-2F7B-6DB5-00BB0FD96551} = {10525980-61A0-B8B9-3E83-976BB95CE4DC}
		{301D264E-E887-4CBE-A3A0-7F06C823F260} = {B107909E-67E0-2F7B-6DB5-00BB0FD96551}
		{E4779B10-CE8C-E82F-78D4-4D74BD61B0D0} = {10525980-61A0-B8B9-3E83-976BB95CE4DC}
		{0B483A30-A988-4930-9869-88FF1A0642F5} = {E4779B10-CE8C-E82F-78D4-4D74BD61B0D0}
		{E3CEFBA5-EFC2-FF2A-89C8-27E80C3EF596} = {10525980-61A0-B8B9-3E83-976BB95CE4DC}
		{77EF4F14-9B4C-4F0B-BCEF-8B03371F02D6} = {E3CEFBA5-EFC2-FF2A-89C8-27E80C3EF596}
		{D654CC1B-7A3D-EB09-49EA-CE4341C9F674} = {10525980-61A0-B8B9-3E83-976BB95CE4DC}
		{322155BA-FD00-42FF-B44F-BC929945ACED} = {D654CC1B-7A3D-EB09-49EA-CE4341C9F674}
		{1A592F1F-084C-47DE-84C6-EBC43041AC66} = {68E56C11-8761-D709-99CD-F61E434BBE03}
	EndGlobalSection
EndGlobal
