
Microsoft Visual Studio Solution File, Format Version 12.00
# Visual Studio Version 17
VisualStudioVersion = 17.0.31903.59
MinimumVisualStudioVersion = 10.0.40219.1
Project("{2150E333-8FDC-42A3-9474-1A3956D46DE8}") = "src", "src", "{CE49EB56-FEAB-470B-A0F7-5999F00443B2}"
EndProject
Project("{FAE04EC0-301F-11D3-BF4B-00C04F79EFBC}") = "Zlink", "src\Zlink\Zlink.csproj", "{98BF91C5-F7B9-4C3A-BC79-F09E4FD8665B}"
EndProject
Project("{2150E333-8FDC-42A3-9474-1A3956D46DE8}") = "tests", "tests", "{4C4C058E-10F9-4D70-9FA2-34271DDD4FF1}"
EndProject
Project("{FAE04EC0-301F-11D3-BF4B-00C04F79EFBC}") = "Zlink.Tests", "tests\Zlink.Tests\Zlink.Tests.csproj", "{07984CD3-7F20-4142-9CE4-26EF32C64DDE}"
EndProject
Project("{2150E333-8FDC-42A3-9474-1A3956D46DE8}") = "benchwithzlink", "benchwithzlink", "{137D8739-34B2-4F97-A553-288F6E9E0937}"
EndProject
Project("{FAE04EC0-301F-11D3-BF4B-00C04F79EFBC}") = "Zlink.BindingBench", "benchwithzlink\Zlink.BindingBench\Zlink.BindingBench.csproj", "{25780C41-42D3-4DD5-8291-4D4B867DE126}"
EndProject
Global
	GlobalSection(SolutionConfigurationPlatforms) = preSolution
		Debug|Any CPU = Debug|Any CPU
		Release|Any CPU = Release|Any CPU
	EndGlobalSection
	GlobalSection(SolutionProperties) = preSolution
		HideSolutionNode = FALSE
	EndGlobalSection
	GlobalSection(ProjectConfigurationPlatforms) = postSolution
		{98BF91C5-F7B9-4C3A-BC79-F09E4FD8665B}.Debug|Any CPU.ActiveCfg = Debug|Any CPU
		{98BF91C5-F7B9-4C3A-BC79-F09E4FD8665B}.Debug|Any CPU.Build.0 = Debug|Any CPU
		{98BF91C5-F7B9-4C3A-BC79-F09E4FD8665B}.Release|Any CPU.ActiveCfg = Release|Any CPU
		{98BF91C5-F7B9-4C3A-BC79-F09E4FD8665B}.Release|Any CPU.Build.0 = Release|Any CPU
		{07984CD3-7F20-4142-9CE4-26EF32C64DDE}.Debug|Any CPU.ActiveCfg = Debug|Any CPU
		{07984CD3-7F20-4142-9CE4-26EF32C64DDE}.Debug|Any CPU.Build.0 = Debug|Any CPU
		{07984CD3-7F20-4142-9CE4-26EF32C64DDE}.Release|Any CPU.ActiveCfg = Release|Any CPU
		{07984CD3-7F20-4142-9CE4-26EF32C64DDE}.Release|Any CPU.Build.0 = Release|Any CPU
		{25780C41-42D3-4DD5-8291-4D4B867DE126}.Debug|Any CPU.ActiveCfg = Debug|Any CPU
		{25780C41-42D3-4DD5-8291-4D4B867DE126}.Debug|Any CPU.Build.0 = Debug|Any CPU
		{25780C41-42D3-4DD5-8291-4D4B867DE126}.Release|Any CPU.ActiveCfg = Release|Any CPU
		{25780C41-42D3-4DD5-8291-4D4B867DE126}.Release|Any CPU.Build.0 = Release|Any CPU
	EndGlobalSection
	GlobalSection(NestedProjects) = preSolution
		{98BF91C5-F7B9-4C3A-BC79-F09E4FD8665B} = {CE49EB56-FEAB-470B-A0F7-5999F00443B2}
		{07984CD3-7F20-4142-9CE4-26EF32C64DDE} = {4C4C058E-10F9-4D70-9FA2-34271DDD4FF1}
		{25780C41-42D3-4DD5-8291-4D4B867DE126} = {137D8739-34B2-4F97-A553-288F6E9E0937}
	EndGlobalSection
EndGlobal
