
Microsoft Visual Studio Solution File, Format Version 12.00
# Visual Studio Version 17
VisualStudioVersion = 17.0.31903.59
MinimumVisualStudioVersion = 10.0.40219.1
Project("{2150E333-8FDC-42A3-9474-1A3956D46DE8}") = "src", "src", "{25834A3B-01B0-47D5-B891-58DD52896532}"
EndProject
Project("{FAE04EC0-301F-11D3-BF4B-00C04F79EFBC}") = "Zlink.Framework", "src\Zlink.Framework\Zlink.Framework.csproj", "{22AA3415-E273-40A3-9F3C-279FC21A4FF9}"
EndProject
Project("{FAE04EC0-301F-11D3-BF4B-00C04F79EFBC}") = "Zlink.Framework.AspNetCore", "src\Zlink.Framework.AspNetCore\Zlink.Framework.AspNetCore.csproj", "{3853B05A-6F45-4A7F-860B-FCA8C4AE9A90}"
EndProject
Project("{2150E333-8FDC-42A3-9474-1A3956D46DE8}") = "tests", "tests", "{F3E5F8A1-DEF5-4540-A4B0-73ABB7129801}"
EndProject
Project("{FAE04EC0-301F-11D3-BF4B-00C04F79EFBC}") = "Zlink.Framework.Tests", "tests\Zlink.Framework.Tests\Zlink.Framework.Tests.csproj", "{321996DA-5258-4029-9A49-4121C7D1377A}"
EndProject
Project("{FAE04EC0-301F-11D3-BF4B-00C04F79EFBC}") = "Zlink.Framework.MultiProcessTests", "tests\Zlink.Framework.MultiProcessTests\Zlink.Framework.MultiProcessTests.csproj", "{20C24988-F307-4957-8547-7201F6593FCD}"
EndProject
Project("{2150E333-8FDC-42A3-9474-1A3956D46DE8}") = "testapps", "testapps", "{24582C8A-3FB9-4856-BA31-F72F4EE9CDE5}"
EndProject
Project("{FAE04EC0-301F-11D3-BF4B-00C04F79EFBC}") = "Zlink.Framework.TestHost", "testapps\Zlink.Framework.TestHost\Zlink.Framework.TestHost.csproj", "{FF1A6329-0D5F-4849-B66C-C947AEB74AFE}"
EndProject
Project("{FAE04EC0-301F-11D3-BF4B-00C04F79EFBC}") = "Zlink.Framework.RuntimeTests", "tests\Zlink.Framework.RuntimeTests\Zlink.Framework.RuntimeTests.csproj", "{E028277D-079E-477D-9EB1-1A722C74F33F}"
EndProject
Project("{FAE04EC0-301F-11D3-BF4B-00C04F79EFBC}") = "Zlink.Framework.MonitoringRuntimeTests", "tests\Zlink.Framework.MonitoringRuntimeTests\Zlink.Framework.MonitoringRuntimeTests.csproj", "{9E8DE438-DB24-4083-A014-B7A80DA43DB0}"
EndProject
Project("{FAE04EC0-301F-11D3-BF4B-00C04F79EFBC}") = "Zlink.Framework.DocFixtures", "testapps\Zlink.Framework.DocFixtures\Zlink.Framework.DocFixtures.csproj", "{8729447A-72E9-4FD6-A83F-E00658A109F3}"
EndProject
Project("{2150E333-8FDC-42A3-9474-1A3956D46DE8}") = "dependencies", "dependencies", "{609F40C5-C560-40E6-76C7-691311A42DF0}"
EndProject
Project("{FAE04EC0-301F-11D3-BF4B-00C04F79EFBC}") = "Zlink", "..\..\..\bindings\dotnet\src\Zlink\Zlink.csproj", "{C0DFABEA-4A13-48BE-8955-2A1DC14BC33B}"
EndProject
Project("{2150E333-8FDC-42A3-9474-1A3956D46DE8}") = "samples", "samples", "{803D67CE-AD03-4975-968C-38A47370541D}"
EndProject
Project("{2150E333-8FDC-42A3-9474-1A3956D46DE8}") = "PlayHouseRoomEcho", "PlayHouseRoomEcho", "{23469019-025C-4FFD-9CE2-0DAD25A74650}"
EndProject
Project("{FAE04EC0-301F-11D3-BF4B-00C04F79EFBC}") = "PlayHouseRoomEcho.Server", "samples\PlayHouseRoomEcho\Server\PlayHouseRoomEcho.Server.csproj", "{123C4C2D-9C56-49FC-A214-5346C20266D1}"
EndProject
Project("{FAE04EC0-301F-11D3-BF4B-00C04F79EFBC}") = "PlayHouseRoomEcho.Client", "samples\PlayHouseRoomEcho\Client\PlayHouseRoomEcho.Client.csproj", "{00184E36-5C99-474F-9717-56A4AE1F37E3}"
EndProject
Project("{FAE04EC0-301F-11D3-BF4B-00C04F79EFBC}") = "Systems.Zlink.Stream.Connector", "src\Systems.Zlink.Stream.Connector\Systems.Zlink.Stream.Connector.csproj", "{22EEAC19-FCA3-4A30-828C-950259263A75}"
EndProject
Project("{FAE04EC0-301F-11D3-BF4B-00C04F79EFBC}") = "Systems.Zlink.Stream.Connector.MessagePack", "src\Systems.Zlink.Stream.Connector.MessagePack\Systems.Zlink.Stream.Connector.MessagePack.csproj", "{381AF81A-B719-4D2D-B227-A48E4F625A57}"
EndProject
Project("{FAE04EC0-301F-11D3-BF4B-00C04F79EFBC}") = "Systems.Zlink.Stream.Connector.Protobuf", "src\Systems.Zlink.Stream.Connector.Protobuf\Systems.Zlink.Stream.Connector.Protobuf.csproj", "{A3CBEF86-B37E-48F3-B6B8-FE6A648576F1}"
EndProject
Project("{FAE04EC0-301F-11D3-BF4B-00C04F79EFBC}") = "Systems.Zlink.Stream.Connector.Tests", "tests\Systems.Zlink.Stream.Connector.Tests\Systems.Zlink.Stream.Connector.Tests.csproj", "{C6C39E87-38D9-4C21-8BA8-763E81BED945}"
EndProject
Project("{FAE04EC0-301F-11D3-BF4B-00C04F79EFBC}") = "Systems.Zlink.Stream.Connector.Json", "src\Systems.Zlink.Stream.Connector.Json\Systems.Zlink.Stream.Connector.Json.csproj", "{930BD426-7750-4A83-9960-FB690DFEB1D8}"
EndProject
Project("{FAE04EC0-301F-11D3-BF4B-00C04F79EFBC}") = "Systems.Zlink.Stream.Connector.Unity", "src\Systems.Zlink.Stream.Connector.Unity\Systems.Zlink.Stream.Connector.Unity.csproj", "{18C69C59-F1E3-4873-8112-149C45C2F955}"
EndProject
Project("{FAE04EC0-301F-11D3-BF4B-00C04F79EFBC}") = "Systems.Zlink.Stream.Connector", "src\Systems.Zlink.Stream.Connector\Systems.Zlink.Stream.Connector.csproj", "{EF560B85-2ED8-43D1-B6C4-8B9A86EA5A99}"
EndProject
Project("{FAE04EC0-301F-11D3-BF4B-00C04F79EFBC}") = "Systems.Zlink.Stream.Connector.Json", "src\Systems.Zlink.Stream.Connector.Json\Systems.Zlink.Stream.Connector.Json.csproj", "{4ED534BB-0AB0-43C4-A08E-9CCD313F09F9}"
EndProject
Global
	GlobalSection(SolutionConfigurationPlatforms) = preSolution
		Debug|Any CPU = Debug|Any CPU
		Debug|x64 = Debug|x64
		Debug|x86 = Debug|x86
		Release|Any CPU = Release|Any CPU
		Release|x64 = Release|x64
		Release|x86 = Release|x86
	EndGlobalSection
	GlobalSection(ProjectConfigurationPlatforms) = postSolution
		{22AA3415-E273-40A3-9F3C-279FC21A4FF9}.Debug|Any CPU.ActiveCfg = Debug|Any CPU
		{22AA3415-E273-40A3-9F3C-279FC21A4FF9}.Debug|Any CPU.Build.0 = Debug|Any CPU
		{22AA3415-E273-40A3-9F3C-279FC21A4FF9}.Debug|x64.ActiveCfg = Debug|Any CPU
		{22AA3415-E273-40A3-9F3C-279FC21A4FF9}.Debug|x64.Build.0 = Debug|Any CPU
		{22AA3415-E273-40A3-9F3C-279FC21A4FF9}.Debug|x86.ActiveCfg = Debug|Any CPU
		{22AA3415-E273-40A3-9F3C-279FC21A4FF9}.Debug|x86.Build.0 = Debug|Any CPU
		{22AA3415-E273-40A3-9F3C-279FC21A4FF9}.Release|Any CPU.ActiveCfg = Release|Any CPU
		{22AA3415-E273-40A3-9F3C-279FC21A4FF9}.Release|Any CPU.Build.0 = Release|Any CPU
		{22AA3415-E273-40A3-9F3C-279FC21A4FF9}.Release|x64.ActiveCfg = Release|Any CPU
		{22AA3415-E273-40A3-9F3C-279FC21A4FF9}.Release|x64.Build.0 = Release|Any CPU
		{22AA3415-E273-40A3-9F3C-279FC21A4FF9}.Release|x86.ActiveCfg = Release|Any CPU
		{22AA3415-E273-40A3-9F3C-279FC21A4FF9}.Release|x86.Build.0 = Release|Any CPU
		{3853B05A-6F45-4A7F-860B-FCA8C4AE9A90}.Debug|Any CPU.ActiveCfg = Debug|Any CPU
		{3853B05A-6F45-4A7F-860B-FCA8C4AE9A90}.Debug|Any CPU.Build.0 = Debug|Any CPU
		{3853B05A-6F45-4A7F-860B-FCA8C4AE9A90}.Debug|x64.ActiveCfg = Debug|Any CPU
		{3853B05A-6F45-4A7F-860B-FCA8C4AE9A90}.Debug|x64.Build.0 = Debug|Any CPU
		{3853B05A-6F45-4A7F-860B-FCA8C4AE9A90}.Debug|x86.ActiveCfg = Debug|Any CPU
		{3853B05A-6F45-4A7F-860B-FCA8C4AE9A90}.Debug|x86.Build.0 = Debug|Any CPU
		{3853B05A-6F45-4A7F-860B-FCA8C4AE9A90}.Release|Any CPU.ActiveCfg = Release|Any CPU
		{3853B05A-6F45-4A7F-860B-FCA8C4AE9A90}.Release|Any CPU.Build.0 = Release|Any CPU
		{3853B05A-6F45-4A7F-860B-FCA8C4AE9A90}.Release|x64.ActiveCfg = Release|Any CPU
		{3853B05A-6F45-4A7F-860B-FCA8C4AE9A90}.Release|x64.Build.0 = Release|Any CPU
		{3853B05A-6F45-4A7F-860B-FCA8C4AE9A90}.Release|x86.ActiveCfg = Release|Any CPU
		{3853B05A-6F45-4A7F-860B-FCA8C4AE9A90}.Release|x86.Build.0 = Release|Any CPU
		{321996DA-5258-4029-9A49-4121C7D1377A}.Debug|Any CPU.ActiveCfg = Debug|Any CPU
		{321996DA-5258-4029-9A49-4121C7D1377A}.Debug|Any CPU.Build.0 = Debug|Any CPU
		{321996DA-5258-4029-9A49-4121C7D1377A}.Debug|x64.ActiveCfg = Debug|Any CPU
		{321996DA-5258-4029-9A49-4121C7D1377A}.Debug|x64.Build.0 = Debug|Any CPU
		{321996DA-5258-4029-9A49-4121C7D1377A}.Debug|x86.ActiveCfg = Debug|Any CPU
		{321996DA-5258-4029-9A49-4121C7D1377A}.Debug|x86.Build.0 = Debug|Any CPU
		{321996DA-5258-4029-9A49-4121C7D1377A}.Release|Any CPU.ActiveCfg = Release|Any CPU
		{321996DA-5258-4029-9A49-4121C7D1377A}.Release|Any CPU.Build.0 = Release|Any CPU
		{321996DA-5258-4029-9A49-4121C7D1377A}.Release|x64.ActiveCfg = Release|Any CPU
		{321996DA-5258-4029-9A49-4121C7D1377A}.Release|x64.Build.0 = Release|Any CPU
		{321996DA-5258-4029-9A49-4121C7D1377A}.Release|x86.ActiveCfg = Release|Any CPU
		{321996DA-5258-4029-9A49-4121C7D1377A}.Release|x86.Build.0 = Release|Any CPU
		{20C24988-F307-4957-8547-7201F6593FCD}.Debug|Any CPU.ActiveCfg = Debug|Any CPU
		{20C24988-F307-4957-8547-7201F6593FCD}.Debug|Any CPU.Build.0 = Debug|Any CPU
		{20C24988-F307-4957-8547-7201F6593FCD}.Debug|x64.ActiveCfg = Debug|Any CPU
		{20C24988-F307-4957-8547-7201F6593FCD}.Debug|x64.Build.0 = Debug|Any CPU
		{20C24988-F307-4957-8547-7201F6593FCD}.Debug|x86.ActiveCfg = Debug|Any CPU
		{20C24988-F307-4957-8547-7201F6593FCD}.Debug|x86.Build.0 = Debug|Any CPU
		{20C24988-F307-4957-8547-7201F6593FCD}.Release|Any CPU.ActiveCfg = Release|Any CPU
		{20C24988-F307-4957-8547-7201F6593FCD}.Release|Any CPU.Build.0 = Release|Any CPU
		{20C24988-F307-4957-8547-7201F6593FCD}.Release|x64.ActiveCfg = Release|Any CPU
		{20C24988-F307-4957-8547-7201F6593FCD}.Release|x64.Build.0 = Release|Any CPU
		{20C24988-F307-4957-8547-7201F6593FCD}.Release|x86.ActiveCfg = Release|Any CPU
		{20C24988-F307-4957-8547-7201F6593FCD}.Release|x86.Build.0 = Release|Any CPU
		{FF1A6329-0D5F-4849-B66C-C947AEB74AFE}.Debug|Any CPU.ActiveCfg = Debug|Any CPU
		{FF1A6329-0D5F-4849-B66C-C947AEB74AFE}.Debug|Any CPU.Build.0 = Debug|Any CPU
		{FF1A6329-0D5F-4849-B66C-C947AEB74AFE}.Debug|x64.ActiveCfg = Debug|Any CPU
		{FF1A6329-0D5F-4849-B66C-C947AEB74AFE}.Debug|x64.Build.0 = Debug|Any CPU
		{FF1A6329-0D5F-4849-B66C-C947AEB74AFE}.Debug|x86.ActiveCfg = Debug|Any CPU
		{FF1A6329-0D5F-4849-B66C-C947AEB74AFE}.Debug|x86.Build.0 = Debug|Any CPU
		{FF1A6329-0D5F-4849-B66C-C947AEB74AFE}.Release|Any CPU.ActiveCfg = Release|Any CPU
		{FF1A6329-0D5F-4849-B66C-C947AEB74AFE}.Release|Any CPU.Build.0 = Release|Any CPU
		{FF1A6329-0D5F-4849-B66C-C947AEB74AFE}.Release|x64.ActiveCfg = Release|Any CPU
		{FF1A6329-0D5F-4849-B66C-C947AEB74AFE}.Release|x64.Build.0 = Release|Any CPU
		{FF1A6329-0D5F-4849-B66C-C947AEB74AFE}.Release|x86.ActiveCfg = Release|Any CPU
		{FF1A6329-0D5F-4849-B66C-C947AEB74AFE}.Release|x86.Build.0 = Release|Any CPU
		{E028277D-079E-477D-9EB1-1A722C74F33F}.Debug|Any CPU.ActiveCfg = Debug|Any CPU
		{E028277D-079E-477D-9EB1-1A722C74F33F}.Debug|Any CPU.Build.0 = Debug|Any CPU
		{E028277D-079E-477D-9EB1-1A722C74F33F}.Debug|x64.ActiveCfg = Debug|Any CPU
		{E028277D-079E-477D-9EB1-1A722C74F33F}.Debug|x64.Build.0 = Debug|Any CPU
		{E028277D-079E-477D-9EB1-1A722C74F33F}.Debug|x86.ActiveCfg = Debug|Any CPU
		{E028277D-079E-477D-9EB1-1A722C74F33F}.Debug|x86.Build.0 = Debug|Any CPU
		{E028277D-079E-477D-9EB1-1A722C74F33F}.Release|Any CPU.ActiveCfg = Release|Any CPU
		{E028277D-079E-477D-9EB1-1A722C74F33F}.Release|Any CPU.Build.0 = Release|Any CPU
		{E028277D-079E-477D-9EB1-1A722C74F33F}.Release|x64.ActiveCfg = Release|Any CPU
		{E028277D-079E-477D-9EB1-1A722C74F33F}.Release|x64.Build.0 = Release|Any CPU
		{E028277D-079E-477D-9EB1-1A722C74F33F}.Release|x86.ActiveCfg = Release|Any CPU
		{E028277D-079E-477D-9EB1-1A722C74F33F}.Release|x86.Build.0 = Release|Any CPU
		{9E8DE438-DB24-4083-A014-B7A80DA43DB0}.Debug|Any CPU.ActiveCfg = Debug|Any CPU
		{9E8DE438-DB24-4083-A014-B7A80DA43DB0}.Debug|Any CPU.Build.0 = Debug|Any CPU
		{9E8DE438-DB24-4083-A014-B7A80DA43DB0}.Debug|x64.ActiveCfg = Debug|Any CPU
		{9E8DE438-DB24-4083-A014-B7A80DA43DB0}.Debug|x64.Build.0 = Debug|Any CPU
		{9E8DE438-DB24-4083-A014-B7A80DA43DB0}.Debug|x86.ActiveCfg = Debug|Any CPU
		{9E8DE438-DB24-4083-A014-B7A80DA43DB0}.Debug|x86.Build.0 = Debug|Any CPU
		{9E8DE438-DB24-4083-A014-B7A80DA43DB0}.Release|Any CPU.ActiveCfg = Release|Any CPU
		{9E8DE438-DB24-4083-A014-B7A80DA43DB0}.Release|Any CPU.Build.0 = Release|Any CPU
		{9E8DE438-DB24-4083-A014-B7A80DA43DB0}.Release|x64.ActiveCfg = Release|Any CPU
		{9E8DE438-DB24-4083-A014-B7A80DA43DB0}.Release|x64.Build.0 = Release|Any CPU
		{9E8DE438-DB24-4083-A014-B7A80DA43DB0}.Release|x86.ActiveCfg = Release|Any CPU
		{9E8DE438-DB24-4083-A014-B7A80DA43DB0}.Release|x86.Build.0 = Release|Any CPU
		{8729447A-72E9-4FD6-A83F-E00658A109F3}.Debug|Any CPU.ActiveCfg = Debug|Any CPU
		{8729447A-72E9-4FD6-A83F-E00658A109F3}.Debug|Any CPU.Build.0 = Debug|Any CPU
		{8729447A-72E9-4FD6-A83F-E00658A109F3}.Debug|x64.ActiveCfg = Debug|Any CPU
		{8729447A-72E9-4FD6-A83F-E00658A109F3}.Debug|x64.Build.0 = Debug|Any CPU
		{8729447A-72E9-4FD6-A83F-E00658A109F3}.Debug|x86.ActiveCfg = Debug|Any CPU
		{8729447A-72E9-4FD6-A83F-E00658A109F3}.Debug|x86.Build.0 = Debug|Any CPU
		{8729447A-72E9-4FD6-A83F-E00658A109F3}.Release|Any CPU.ActiveCfg = Release|Any CPU
		{8729447A-72E9-4FD6-A83F-E00658A109F3}.Release|Any CPU.Build.0 = Release|Any CPU
		{8729447A-72E9-4FD6-A83F-E00658A109F3}.Release|x64.ActiveCfg = Release|Any CPU
		{8729447A-72E9-4FD6-A83F-E00658A109F3}.Release|x64.Build.0 = Release|Any CPU
		{8729447A-72E9-4FD6-A83F-E00658A109F3}.Release|x86.ActiveCfg = Release|Any CPU
		{8729447A-72E9-4FD6-A83F-E00658A109F3}.Release|x86.Build.0 = Release|Any CPU
		{C0DFABEA-4A13-48BE-8955-2A1DC14BC33B}.Debug|Any CPU.ActiveCfg = Debug|Any CPU
		{C0DFABEA-4A13-48BE-8955-2A1DC14BC33B}.Debug|Any CPU.Build.0 = Debug|Any CPU
		{C0DFABEA-4A13-48BE-8955-2A1DC14BC33B}.Debug|x64.ActiveCfg = Debug|Any CPU
		{C0DFABEA-4A13-48BE-8955-2A1DC14BC33B}.Debug|x64.Build.0 = Debug|Any CPU
		{C0DFABEA-4A13-48BE-8955-2A1DC14BC33B}.Debug|x86.ActiveCfg = Debug|Any CPU
		{C0DFABEA-4A13-48BE-8955-2A1DC14BC33B}.Debug|x86.Build.0 = Debug|Any CPU
		{C0DFABEA-4A13-48BE-8955-2A1DC14BC33B}.Release|Any CPU.ActiveCfg = Release|Any CPU
		{C0DFABEA-4A13-48BE-8955-2A1DC14BC33B}.Release|Any CPU.Build.0 = Release|Any CPU
		{C0DFABEA-4A13-48BE-8955-2A1DC14BC33B}.Release|x64.ActiveCfg = Release|Any CPU
		{C0DFABEA-4A13-48BE-8955-2A1DC14BC33B}.Release|x64.Build.0 = Release|Any CPU
		{C0DFABEA-4A13-48BE-8955-2A1DC14BC33B}.Release|x86.ActiveCfg = Release|Any CPU
		{C0DFABEA-4A13-48BE-8955-2A1DC14BC33B}.Release|x86.Build.0 = Release|Any CPU
		{123C4C2D-9C56-49FC-A214-5346C20266D1}.Debug|Any CPU.ActiveCfg = Debug|Any CPU
		{123C4C2D-9C56-49FC-A214-5346C20266D1}.Debug|Any CPU.Build.0 = Debug|Any CPU
		{123C4C2D-9C56-49FC-A214-5346C20266D1}.Debug|x64.ActiveCfg = Debug|Any CPU
		{123C4C2D-9C56-49FC-A214-5346C20266D1}.Debug|x64.Build.0 = Debug|Any CPU
		{123C4C2D-9C56-49FC-A214-5346C20266D1}.Debug|x86.ActiveCfg = Debug|Any CPU
		{123C4C2D-9C56-49FC-A214-5346C20266D1}.Debug|x86.Build.0 = Debug|Any CPU
		{123C4C2D-9C56-49FC-A214-5346C20266D1}.Release|Any CPU.ActiveCfg = Release|Any CPU
		{123C4C2D-9C56-49FC-A214-5346C20266D1}.Release|Any CPU.Build.0 = Release|Any CPU
		{123C4C2D-9C56-49FC-A214-5346C20266D1}.Release|x64.ActiveCfg = Release|Any CPU
		{123C4C2D-9C56-49FC-A214-5346C20266D1}.Release|x64.Build.0 = Release|Any CPU
		{123C4C2D-9C56-49FC-A214-5346C20266D1}.Release|x86.ActiveCfg = Release|Any CPU
		{123C4C2D-9C56-49FC-A214-5346C20266D1}.Release|x86.Build.0 = Release|Any CPU
		{00184E36-5C99-474F-9717-56A4AE1F37E3}.Debug|Any CPU.ActiveCfg = Debug|Any CPU
		{00184E36-5C99-474F-9717-56A4AE1F37E3}.Debug|Any CPU.Build.0 = Debug|Any CPU
		{00184E36-5C99-474F-9717-56A4AE1F37E3}.Debug|x64.ActiveCfg = Debug|Any CPU
		{00184E36-5C99-474F-9717-56A4AE1F37E3}.Debug|x64.Build.0 = Debug|Any CPU
		{00184E36-5C99-474F-9717-56A4AE1F37E3}.Debug|x86.ActiveCfg = Debug|Any CPU
		{00184E36-5C99-474F-9717-56A4AE1F37E3}.Debug|x86.Build.0 = Debug|Any CPU
		{00184E36-5C99-474F-9717-56A4AE1F37E3}.Release|Any CPU.ActiveCfg = Release|Any CPU
		{00184E36-5C99-474F-9717-56A4AE1F37E3}.Release|Any CPU.Build.0 = Release|Any CPU
		{00184E36-5C99-474F-9717-56A4AE1F37E3}.Release|x64.ActiveCfg = Release|Any CPU
		{00184E36-5C99-474F-9717-56A4AE1F37E3}.Release|x64.Build.0 = Release|Any CPU
		{00184E36-5C99-474F-9717-56A4AE1F37E3}.Release|x86.ActiveCfg = Release|Any CPU
		{00184E36-5C99-474F-9717-56A4AE1F37E3}.Release|x86.Build.0 = Release|Any CPU
		{22EEAC19-FCA3-4A30-828C-950259263A75}.Debug|Any CPU.ActiveCfg = Debug|Any CPU
		{22EEAC19-FCA3-4A30-828C-950259263A75}.Debug|Any CPU.Build.0 = Debug|Any CPU
		{22EEAC19-FCA3-4A30-828C-950259263A75}.Debug|x64.ActiveCfg = Debug|Any CPU
		{22EEAC19-FCA3-4A30-828C-950259263A75}.Debug|x64.Build.0 = Debug|Any CPU
		{22EEAC19-FCA3-4A30-828C-950259263A75}.Debug|x86.ActiveCfg = Debug|Any CPU
		{22EEAC19-FCA3-4A30-828C-950259263A75}.Debug|x86.Build.0 = Debug|Any CPU
		{22EEAC19-FCA3-4A30-828C-950259263A75}.Release|Any CPU.ActiveCfg = Release|Any CPU
		{22EEAC19-FCA3-4A30-828C-950259263A75}.Release|Any CPU.Build.0 = Release|Any CPU
		{22EEAC19-FCA3-4A30-828C-950259263A75}.Release|x64.ActiveCfg = Release|Any CPU
		{22EEAC19-FCA3-4A30-828C-950259263A75}.Release|x64.Build.0 = Release|Any CPU
		{22EEAC19-FCA3-4A30-828C-950259263A75}.Release|x86.ActiveCfg = Release|Any CPU
		{22EEAC19-FCA3-4A30-828C-950259263A75}.Release|x86.Build.0 = Release|Any CPU
		{381AF81A-B719-4D2D-B227-A48E4F625A57}.Debug|Any CPU.ActiveCfg = Debug|Any CPU
		{381AF81A-B719-4D2D-B227-A48E4F625A57}.Debug|Any CPU.Build.0 = Debug|Any CPU
		{381AF81A-B719-4D2D-B227-A48E4F625A57}.Debug|x64.ActiveCfg = Debug|Any CPU
		{381AF81A-B719-4D2D-B227-A48E4F625A57}.Debug|x64.Build.0 = Debug|Any CPU
		{381AF81A-B719-4D2D-B227-A48E4F625A57}.Debug|x86.ActiveCfg = Debug|Any CPU
		{381AF81A-B719-4D2D-B227-A48E4F625A57}.Debug|x86.Build.0 = Debug|Any CPU
		{381AF81A-B719-4D2D-B227-A48E4F625A57}.Release|Any CPU.ActiveCfg = Release|Any CPU
		{381AF81A-B719-4D2D-B227-A48E4F625A57}.Release|Any CPU.Build.0 = Release|Any CPU
		{381AF81A-B719-4D2D-B227-A48E4F625A57}.Release|x64.ActiveCfg = Release|Any CPU
		{381AF81A-B719-4D2D-B227-A48E4F625A57}.Release|x64.Build.0 = Release|Any CPU
		{381AF81A-B719-4D2D-B227-A48E4F625A57}.Release|x86.ActiveCfg = Release|Any CPU
		{381AF81A-B719-4D2D-B227-A48E4F625A57}.Release|x86.Build.0 = Release|Any CPU
		{A3CBEF86-B37E-48F3-B6B8-FE6A648576F1}.Debug|Any CPU.ActiveCfg = Debug|Any CPU
		{A3CBEF86-B37E-48F3-B6B8-FE6A648576F1}.Debug|Any CPU.Build.0 = Debug|Any CPU
		{A3CBEF86-B37E-48F3-B6B8-FE6A648576F1}.Debug|x64.ActiveCfg = Debug|Any CPU
		{A3CBEF86-B37E-48F3-B6B8-FE6A648576F1}.Debug|x64.Build.0 = Debug|Any CPU
		{A3CBEF86-B37E-48F3-B6B8-FE6A648576F1}.Debug|x86.ActiveCfg = Debug|Any CPU
		{A3CBEF86-B37E-48F3-B6B8-FE6A648576F1}.Debug|x86.Build.0 = Debug|Any CPU
		{A3CBEF86-B37E-48F3-B6B8-FE6A648576F1}.Release|Any CPU.ActiveCfg = Release|Any CPU
		{A3CBEF86-B37E-48F3-B6B8-FE6A648576F1}.Release|Any CPU.Build.0 = Release|Any CPU
		{A3CBEF86-B37E-48F3-B6B8-FE6A648576F1}.Release|x64.ActiveCfg = Release|Any CPU
		{A3CBEF86-B37E-48F3-B6B8-FE6A648576F1}.Release|x64.Build.0 = Release|Any CPU
		{A3CBEF86-B37E-48F3-B6B8-FE6A648576F1}.Release|x86.ActiveCfg = Release|Any CPU
		{A3CBEF86-B37E-48F3-B6B8-FE6A648576F1}.Release|x86.Build.0 = Release|Any CPU
		{C6C39E87-38D9-4C21-8BA8-763E81BED945}.Debug|Any CPU.ActiveCfg = Debug|Any CPU
		{C6C39E87-38D9-4C21-8BA8-763E81BED945}.Debug|Any CPU.Build.0 = Debug|Any CPU
		{C6C39E87-38D9-4C21-8BA8-763E81BED945}.Debug|x64.ActiveCfg = Debug|Any CPU
		{C6C39E87-38D9-4C21-8BA8-763E81BED945}.Debug|x64.Build.0 = Debug|Any CPU
		{C6C39E87-38D9-4C21-8BA8-763E81BED945}.Debug|x86.ActiveCfg = Debug|Any CPU
		{C6C39E87-38D9-4C21-8BA8-763E81BED945}.Debug|x86.Build.0 = Debug|Any CPU
		{C6C39E87-38D9-4C21-8BA8-763E81BED945}.Release|Any CPU.ActiveCfg = Release|Any CPU
		{C6C39E87-38D9-4C21-8BA8-763E81BED945}.Release|Any CPU.Build.0 = Release|Any CPU
		{C6C39E87-38D9-4C21-8BA8-763E81BED945}.Release|x64.ActiveCfg = Release|Any CPU
		{C6C39E87-38D9-4C21-8BA8-763E81BED945}.Release|x64.Build.0 = Release|Any CPU
		{C6C39E87-38D9-4C21-8BA8-763E81BED945}.Release|x86.ActiveCfg = Release|Any CPU
		{C6C39E87-38D9-4C21-8BA8-763E81BED945}.Release|x86.Build.0 = Release|Any CPU
		{930BD426-7750-4A83-9960-FB690DFEB1D8}.Debug|Any CPU.ActiveCfg = Debug|Any CPU
		{930BD426-7750-4A83-9960-FB690DFEB1D8}.Debug|Any CPU.Build.0 = Debug|Any CPU
		{930BD426-7750-4A83-9960-FB690DFEB1D8}.Debug|x64.ActiveCfg = Debug|Any CPU
		{930BD426-7750-4A83-9960-FB690DFEB1D8}.Debug|x64.Build.0 = Debug|Any CPU
		{930BD426-7750-4A83-9960-FB690DFEB1D8}.Debug|x86.ActiveCfg = Debug|Any CPU
		{930BD426-7750-4A83-9960-FB690DFEB1D8}.Debug|x86.Build.0 = Debug|Any CPU
		{930BD426-7750-4A83-9960-FB690DFEB1D8}.Release|Any CPU.ActiveCfg = Release|Any CPU
		{930BD426-7750-4A83-9960-FB690DFEB1D8}.Release|Any CPU.Build.0 = Release|Any CPU
		{930BD426-7750-4A83-9960-FB690DFEB1D8}.Release|x64.ActiveCfg = Release|Any CPU
		{930BD426-7750-4A83-9960-FB690DFEB1D8}.Release|x64.Build.0 = Release|Any CPU
		{930BD426-7750-4A83-9960-FB690DFEB1D8}.Release|x86.ActiveCfg = Release|Any CPU
		{930BD426-7750-4A83-9960-FB690DFEB1D8}.Release|x86.Build.0 = Release|Any CPU
		{18C69C59-F1E3-4873-8112-149C45C2F955}.Debug|Any CPU.ActiveCfg = Debug|Any CPU
		{18C69C59-F1E3-4873-8112-149C45C2F955}.Debug|Any CPU.Build.0 = Debug|Any CPU
		{18C69C59-F1E3-4873-8112-149C45C2F955}.Debug|x64.ActiveCfg = Debug|Any CPU
		{18C69C59-F1E3-4873-8112-149C45C2F955}.Debug|x64.Build.0 = Debug|Any CPU
		{18C69C59-F1E3-4873-8112-149C45C2F955}.Debug|x86.ActiveCfg = Debug|Any CPU
		{18C69C59-F1E3-4873-8112-149C45C2F955}.Debug|x86.Build.0 = Debug|Any CPU
		{18C69C59-F1E3-4873-8112-149C45C2F955}.Release|Any CPU.ActiveCfg = Release|Any CPU
		{18C69C59-F1E3-4873-8112-149C45C2F955}.Release|Any CPU.Build.0 = Release|Any CPU
		{18C69C59-F1E3-4873-8112-149C45C2F955}.Release|x64.ActiveCfg = Release|Any CPU
		{18C69C59-F1E3-4873-8112-149C45C2F955}.Release|x64.Build.0 = Release|Any CPU
		{18C69C59-F1E3-4873-8112-149C45C2F955}.Release|x86.ActiveCfg = Release|Any CPU
		{18C69C59-F1E3-4873-8112-149C45C2F955}.Release|x86.Build.0 = Release|Any CPU
		{EF560B85-2ED8-43D1-B6C4-8B9A86EA5A99}.Debug|Any CPU.ActiveCfg = Debug|Any CPU
		{EF560B85-2ED8-43D1-B6C4-8B9A86EA5A99}.Debug|Any CPU.Build.0 = Debug|Any CPU
		{EF560B85-2ED8-43D1-B6C4-8B9A86EA5A99}.Debug|x64.ActiveCfg = Debug|Any CPU
		{EF560B85-2ED8-43D1-B6C4-8B9A86EA5A99}.Debug|x64.Build.0 = Debug|Any CPU
		{EF560B85-2ED8-43D1-B6C4-8B9A86EA5A99}.Debug|x86.ActiveCfg = Debug|Any CPU
		{EF560B85-2ED8-43D1-B6C4-8B9A86EA5A99}.Debug|x86.Build.0 = Debug|Any CPU
		{EF560B85-2ED8-43D1-B6C4-8B9A86EA5A99}.Release|Any CPU.ActiveCfg = Release|Any CPU
		{EF560B85-2ED8-43D1-B6C4-8B9A86EA5A99}.Release|Any CPU.Build.0 = Release|Any CPU
		{EF560B85-2ED8-43D1-B6C4-8B9A86EA5A99}.Release|x64.ActiveCfg = Release|Any CPU
		{EF560B85-2ED8-43D1-B6C4-8B9A86EA5A99}.Release|x64.Build.0 = Release|Any CPU
		{EF560B85-2ED8-43D1-B6C4-8B9A86EA5A99}.Release|x86.ActiveCfg = Release|Any CPU
		{EF560B85-2ED8-43D1-B6C4-8B9A86EA5A99}.Release|x86.Build.0 = Release|Any CPU
		{4ED534BB-0AB0-43C4-A08E-9CCD313F09F9}.Debug|Any CPU.ActiveCfg = Debug|Any CPU
		{4ED534BB-0AB0-43C4-A08E-9CCD313F09F9}.Debug|Any CPU.Build.0 = Debug|Any CPU
		{4ED534BB-0AB0-43C4-A08E-9CCD313F09F9}.Debug|x64.ActiveCfg = Debug|Any CPU
		{4ED534BB-0AB0-43C4-A08E-9CCD313F09F9}.Debug|x64.Build.0 = Debug|Any CPU
		{4ED534BB-0AB0-43C4-A08E-9CCD313F09F9}.Debug|x86.ActiveCfg = Debug|Any CPU
		{4ED534BB-0AB0-43C4-A08E-9CCD313F09F9}.Debug|x86.Build.0 = Debug|Any CPU
		{4ED534BB-0AB0-43C4-A08E-9CCD313F09F9}.Release|Any CPU.ActiveCfg = Release|Any CPU
		{4ED534BB-0AB0-43C4-A08E-9CCD313F09F9}.Release|Any CPU.Build.0 = Release|Any CPU
		{4ED534BB-0AB0-43C4-A08E-9CCD313F09F9}.Release|x64.ActiveCfg = Release|Any CPU
		{4ED534BB-0AB0-43C4-A08E-9CCD313F09F9}.Release|x64.Build.0 = Release|Any CPU
		{4ED534BB-0AB0-43C4-A08E-9CCD313F09F9}.Release|x86.ActiveCfg = Release|Any CPU
		{4ED534BB-0AB0-43C4-A08E-9CCD313F09F9}.Release|x86.Build.0 = Release|Any CPU
	EndGlobalSection
	GlobalSection(SolutionProperties) = preSolution
		HideSolutionNode = FALSE
	EndGlobalSection
	GlobalSection(NestedProjects) = preSolution
		{22AA3415-E273-40A3-9F3C-279FC21A4FF9} = {25834A3B-01B0-47D5-B891-58DD52896532}
		{3853B05A-6F45-4A7F-860B-FCA8C4AE9A90} = {25834A3B-01B0-47D5-B891-58DD52896532}
		{321996DA-5258-4029-9A49-4121C7D1377A} = {F3E5F8A1-DEF5-4540-A4B0-73ABB7129801}
		{20C24988-F307-4957-8547-7201F6593FCD} = {F3E5F8A1-DEF5-4540-A4B0-73ABB7129801}
		{FF1A6329-0D5F-4849-B66C-C947AEB74AFE} = {24582C8A-3FB9-4856-BA31-F72F4EE9CDE5}
		{E028277D-079E-477D-9EB1-1A722C74F33F} = {F3E5F8A1-DEF5-4540-A4B0-73ABB7129801}
		{9E8DE438-DB24-4083-A014-B7A80DA43DB0} = {F3E5F8A1-DEF5-4540-A4B0-73ABB7129801}
		{8729447A-72E9-4FD6-A83F-E00658A109F3} = {24582C8A-3FB9-4856-BA31-F72F4EE9CDE5}
		{C0DFABEA-4A13-48BE-8955-2A1DC14BC33B} = {609F40C5-C560-40E6-76C7-691311A42DF0}
		{23469019-025C-4FFD-9CE2-0DAD25A74650} = {803D67CE-AD03-4975-968C-38A47370541D}
		{123C4C2D-9C56-49FC-A214-5346C20266D1} = {23469019-025C-4FFD-9CE2-0DAD25A74650}
		{00184E36-5C99-474F-9717-56A4AE1F37E3} = {23469019-025C-4FFD-9CE2-0DAD25A74650}
		{22EEAC19-FCA3-4A30-828C-950259263A75} = {25834A3B-01B0-47D5-B891-58DD52896532}
		{381AF81A-B719-4D2D-B227-A48E4F625A57} = {25834A3B-01B0-47D5-B891-58DD52896532}
		{A3CBEF86-B37E-48F3-B6B8-FE6A648576F1} = {25834A3B-01B0-47D5-B891-58DD52896532}
		{C6C39E87-38D9-4C21-8BA8-763E81BED945} = {F3E5F8A1-DEF5-4540-A4B0-73ABB7129801}
		{930BD426-7750-4A83-9960-FB690DFEB1D8} = {25834A3B-01B0-47D5-B891-58DD52896532}
		{18C69C59-F1E3-4873-8112-149C45C2F955} = {25834A3B-01B0-47D5-B891-58DD52896532}
	EndGlobalSection
EndGlobal
