
Microsoft Visual Studio Solution File, Format Version 12.00
# Visual Studio Version 17
VisualStudioVersion = 17.0.31903.59
MinimumVisualStudioVersion = 10.0.40219.1
Project("{2150E333-8FDC-42A3-9474-1A3956D46DE8}") = "src", "src", "{25834A3B-01B0-47D5-B891-58DD52896532}"
EndProject
Project("{2150E333-8FDC-42A3-9474-1A3956D46DE8}") = "Framework", "Framework", "{8D99AE9B-1CF9-4A26-950A-EBC9ED076060}"
EndProject
Project("{FAE04EC0-301F-11D3-BF4B-00C04F79EFBC}") = "Zlink.Framework", "src\Zlink.Framework\Zlink.Framework.csproj", "{22AA3415-E273-40A3-9F3C-279FC21A4FF9}"
EndProject
Project("{FAE04EC0-301F-11D3-BF4B-00C04F79EFBC}") = "Zlink.Framework.AspNetCore", "src\Zlink.Framework.AspNetCore\Zlink.Framework.AspNetCore.csproj", "{3853B05A-6F45-4A7F-860B-FCA8C4AE9A90}"
EndProject
Project("{2150E333-8FDC-42A3-9474-1A3956D46DE8}") = "Connector", "Connector", "{CA535515-7831-4B38-9327-B1B64172871C}"
EndProject
Project("{2150E333-8FDC-42A3-9474-1A3956D46DE8}") = "tests", "tests", "{F3E5F8A1-DEF5-4540-A4B0-73ABB7129801}"
EndProject
Project("{FAE04EC0-301F-11D3-BF4B-00C04F79EFBC}") = "Zlink.Framework.Tests", "tests\Zlink.Framework.Tests\Zlink.Framework.Tests.csproj", "{321996DA-5258-4029-9A49-4121C7D1377A}"
	ProjectSection(ProjectDependencies) = postProject
		{20C24988-F307-4957-8547-7201F6593FCD} = {20C24988-F307-4957-8547-7201F6593FCD}
		{E028277D-079E-477D-9EB1-1A722C74F33F} = {E028277D-079E-477D-9EB1-1A722C74F33F}
		{9E8DE438-DB24-4083-A014-B7A80DA43DB0} = {9E8DE438-DB24-4083-A014-B7A80DA43DB0}
		{C6C39E87-38D9-4C21-8BA8-763E81BED945} = {C6C39E87-38D9-4C21-8BA8-763E81BED945}
	EndProjectSection
EndProject
Project("{FAE04EC0-301F-11D3-BF4B-00C04F79EFBC}") = "Zlink.Framework.MultiProcessTests", "tests\Zlink.Framework.MultiProcessTests\Zlink.Framework.MultiProcessTests.csproj", "{20C24988-F307-4957-8547-7201F6593FCD}"
EndProject
Project("{2150E333-8FDC-42A3-9474-1A3956D46DE8}") = "testapps", "testapps", "{24582C8A-3FB9-4856-BA31-F72F4EE9CDE5}"
EndProject
Project("{FAE04EC0-301F-11D3-BF4B-00C04F79EFBC}") = "Zlink.Framework.TestHost", "testapps\Zlink.Framework.TestHost\Zlink.Framework.TestHost.csproj", "{FF1A6329-0D5F-4849-B66C-C947AEB74AFE}"
EndProject
Project("{FAE04EC0-301F-11D3-BF4B-00C04F79EFBC}") = "Zlink.Framework.RuntimeTests", "tests\Zlink.Framework.RuntimeTests\Zlink.Framework.RuntimeTests.csproj", "{E028277D-079E-477D-9EB1-1A722C74F33F}"
EndProject
Project("{FAE04EC0-301F-11D3-BF4B-00C04F79EFBC}") = "Zlink.Framework.MonitoringRuntimeTests", "tests\Zlink.Framework.MonitoringRuntimeTests\Zlink.Framework.MonitoringRuntimeTests.csproj", "{9E8DE438-DB24-4083-A014-B7A80DA43DB0}"
EndProject
Project("{FAE04EC0-301F-11D3-BF4B-00C04F79EFBC}") = "Zlink.Framework.DocFixtures", "testapps\Zlink.Framework.DocFixtures\Zlink.Framework.DocFixtures.csproj", "{8729447A-72E9-4FD6-A83F-E00658A109F3}"
EndProject
Project("{2150E333-8FDC-42A3-9474-1A3956D46DE8}") = "dependencies", "dependencies", "{609F40C5-C560-40E6-76C7-691311A42DF0}"
EndProject
Project("{FAE04EC0-301F-11D3-BF4B-00C04F79EFBC}") = "Zlink", "..\..\..\bindings\dotnet\src\Zlink\Zlink.csproj", "{C0DFABEA-4A13-48BE-8955-2A1DC14BC33B}"
EndProject
Project("{FAE04EC0-301F-11D3-BF4B-00C04F79EFBC}") = "Systems.Zlink.Stream.Connector.MessagePack", "src\Systems.Zlink.Stream.Connector.MessagePack\Systems.Zlink.Stream.Connector.MessagePack.csproj", "{381AF81A-B719-4D2D-B227-A48E4F625A57}"
EndProject
Project("{FAE04EC0-301F-11D3-BF4B-00C04F79EFBC}") = "Systems.Zlink.Stream.Connector.Protobuf", "src\Systems.Zlink.Stream.Connector.Protobuf\Systems.Zlink.Stream.Connector.Protobuf.csproj", "{A3CBEF86-B37E-48F3-B6B8-FE6A648576F1}"
EndProject
Project("{FAE04EC0-301F-11D3-BF4B-00C04F79EFBC}") = "Systems.Zlink.Stream.Connector.Tests", "tests\Systems.Zlink.Stream.Connector.Tests\Systems.Zlink.Stream.Connector.Tests.csproj", "{C6C39E87-38D9-4C21-8BA8-763E81BED945}"
EndProject
Project("{FAE04EC0-301F-11D3-BF4B-00C04F79EFBC}") = "Systems.Zlink.Stream.Connector.Json", "src\Systems.Zlink.Stream.Connector.Json\Systems.Zlink.Stream.Connector.Json.csproj", "{930BD426-7750-4A83-9960-FB690DFEB1D8}"
EndProject
Project("{FAE04EC0-301F-11D3-BF4B-00C04F79EFBC}") = "Systems.Zlink.Stream.Connector", "src\Systems.Zlink.Stream.Connector\Systems.Zlink.Stream.Connector.csproj", "{EF560B85-2ED8-43D1-B6C4-8B9A86EA5A99}"
EndProject
Project("{FAE04EC0-301F-11D3-BF4B-00C04F79EFBC}") = "Systems.Zlink.Stream.Connector.Codecs", "src\Systems.Zlink.Stream.Connector.Codecs\Systems.Zlink.Stream.Connector.Codecs.csproj", "{B371C51E-F8C1-4C16-90B2-97F81CA468E7}"
EndProject
Project("{FAE04EC0-301F-11D3-BF4B-00C04F79EFBC}") = "Zlink.Codecs.Json", "..\..\..\bindings\dotnet\src\Zlink.Codecs.Json\Zlink.Codecs.Json.csproj", "{902C7AED-DD75-48FE-A814-F904F356E4A5}"
EndProject
Project("{2150E333-8FDC-42A3-9474-1A3956D46DE8}") = "samples", "samples", "{5D20AA90-6969-D8BD-9DCD-8634F4692FDA}"
EndProject
Project("{2150E333-8FDC-42A3-9474-1A3956D46DE8}") = "TicTacToe", "TicTacToe", "{9ADC90DD-4BB4-7ECA-3829-77F3D3585167}"
EndProject
Project("{2150E333-8FDC-42A3-9474-1A3956D46DE8}") = "Shared", "Shared", "{7ECE0E98-DEAD-4AA7-EA8E-024153B37381}"
EndProject
Project("{FAE04EC0-301F-11D3-BF4B-00C04F79EFBC}") = "TicTacToe.Shared", "samples\TicTacToe\Shared\TicTacToe.Shared.csproj", "{31AABE78-EFEF-465E-B507-7D481A8C2ED3}"
EndProject
Project("{2150E333-8FDC-42A3-9474-1A3956D46DE8}") = "Client", "Client", "{55A4D31E-FFDA-655E-43D8-193CD5F4B2C7}"
EndProject
Project("{FAE04EC0-301F-11D3-BF4B-00C04F79EFBC}") = "TicTacToe.Client", "samples\TicTacToe\Client\TicTacToe.Client.csproj", "{1DE23499-14D0-4BA2-AEA4-2BFB20C1133F}"
EndProject
Project("{2150E333-8FDC-42A3-9474-1A3956D46DE8}") = "Server", "Server", "{813802F4-70B0-925D-8F8F-208C9A135882}"
EndProject
Project("{FAE04EC0-301F-11D3-BF4B-00C04F79EFBC}") = "TicTacToe.Server", "samples\TicTacToe\Server\TicTacToe.Server.csproj", "{8A179090-24D1-464D-802C-525B92359DC7}"
EndProject
Project("{2150E333-8FDC-42A3-9474-1A3956D46DE8}") = "TicTacToe.SessionGateway", "TicTacToe.SessionGateway", "{5E750673-59E8-4E46-E3B9-74F556B075FE}"
EndProject
Project("{2150E333-8FDC-42A3-9474-1A3956D46DE8}") = "Shared", "Shared", "{ED2B05E5-6156-45EA-9527-77F14D284A48}"
EndProject
Project("{FAE04EC0-301F-11D3-BF4B-00C04F79EFBC}") = "TicTacToe.SessionGateway.Shared", "samples\TicTacToe.SessionGateway\Shared\TicTacToe.SessionGateway.Shared.csproj", "{3AA66F5B-D35B-4830-B73A-825F01EB4BB1}"
EndProject
Project("{2150E333-8FDC-42A3-9474-1A3956D46DE8}") = "Client", "Client", "{2A7A437B-2C75-162E-6FFC-946FC816582C}"
EndProject
Project("{FAE04EC0-301F-11D3-BF4B-00C04F79EFBC}") = "TicTacToe.SessionGateway.Client", "samples\TicTacToe.SessionGateway\Client\TicTacToe.SessionGateway.Client.csproj", "{26822D5B-9271-4123-B070-73D8565C605E}"
EndProject
Project("{2150E333-8FDC-42A3-9474-1A3956D46DE8}") = "Bingo", "Bingo", "{BD6B7FDF-F350-AAE1-A742-F1EA1A95F732}"
EndProject
Project("{2150E333-8FDC-42A3-9474-1A3956D46DE8}") = "Shared", "Shared", "{526DC79D-79F9-CBC8-D0CD-DBAED4DCBE47}"
EndProject
Project("{FAE04EC0-301F-11D3-BF4B-00C04F79EFBC}") = "Bingo.Shared", "samples\Bingo\Shared\Bingo.Shared.csproj", "{C56AA682-50DF-458B-80DB-79237098B613}"
EndProject
Project("{2150E333-8FDC-42A3-9474-1A3956D46DE8}") = "Client", "Client", "{4BE9993C-AE0C-FABB-7B73-F3AE257C2F40}"
EndProject
Project("{FAE04EC0-301F-11D3-BF4B-00C04F79EFBC}") = "Bingo.Client", "samples\Bingo\Client\Bingo.Client.csproj", "{8FCC8D5B-4DEC-4C0A-8B2C-4A4D6CA70222}"
EndProject
Project("{2150E333-8FDC-42A3-9474-1A3956D46DE8}") = "Server", "Server", "{F28D6758-5B3A-90DF-2680-2EF6D2BDA728}"
EndProject
Project("{2150E333-8FDC-42A3-9474-1A3956D46DE8}") = "Api", "Api", "{03CB5D97-8D3E-DA33-628F-1A0C0AA9F6D1}"
EndProject
Project("{FAE04EC0-301F-11D3-BF4B-00C04F79EFBC}") = "Bingo.Server.Api", "samples\Bingo\Server\Api\Bingo.Server.Api.csproj", "{3CFFA5BB-10ED-4961-A0A5-4DC15CF0438B}"
EndProject
Project("{2150E333-8FDC-42A3-9474-1A3956D46DE8}") = "Infrastructure", "Infrastructure", "{72C96DA1-CF31-65DD-3612-8FB1A1F8C0D7}"
EndProject
Project("{FAE04EC0-301F-11D3-BF4B-00C04F79EFBC}") = "Bingo.Server.Infrastructure", "samples\Bingo\Server\Infrastructure\Bingo.Server.Infrastructure.csproj", "{66890B45-BF15-4689-93E4-158689D90B85}"
EndProject
Project("{2150E333-8FDC-42A3-9474-1A3956D46DE8}") = "Play", "Play", "{27A279BA-AA4D-1723-2B9C-FC08FE7F78A1}"
EndProject
Project("{FAE04EC0-301F-11D3-BF4B-00C04F79EFBC}") = "Bingo.Server.Play", "samples\Bingo\Server\Play\Bingo.Server.Play.csproj", "{06F1839E-96FB-4D70-AE98-DA636B9EDB09}"
EndProject
Project("{2150E333-8FDC-42A3-9474-1A3956D46DE8}") = "Registry", "Registry", "{F9BB59BF-1D75-BFFB-99E3-BBD84FA89DD7}"
EndProject
Project("{FAE04EC0-301F-11D3-BF4B-00C04F79EFBC}") = "Bingo.Server.Registry", "samples\Bingo\Server\Registry\Bingo.Server.Registry.csproj", "{F31D22F5-0237-47B8-8991-6BF7987DCBAD}"
EndProject
Project("{2150E333-8FDC-42A3-9474-1A3956D46DE8}") = "Session", "Session", "{E600425C-A490-58B3-DB6E-7E4C12D097DF}"
EndProject
Project("{FAE04EC0-301F-11D3-BF4B-00C04F79EFBC}") = "Bingo.Server.Session", "samples\Bingo\Server\Session\Bingo.Server.Session.csproj", "{682A11E9-38E2-4B88-A9F0-5FF8F1EFD370}"
EndProject
Project("{2150E333-8FDC-42A3-9474-1A3956D46DE8}") = "Server", "Server", "{687414D4-6C5F-E313-2AF3-14B7839C10C4}"
EndProject
Project("{2150E333-8FDC-42A3-9474-1A3956D46DE8}") = "Api", "Api", "{D041BCE5-746C-06B2-C939-A640377F79DB}"
EndProject
Project("{FAE04EC0-301F-11D3-BF4B-00C04F79EFBC}") = "TicTacToe.SessionGateway.Api", "samples\TicTacToe.SessionGateway\Server\Api\TicTacToe.SessionGateway.Api.csproj", "{01D0467A-0201-41B5-959E-B211EA3151C6}"
EndProject
Project("{2150E333-8FDC-42A3-9474-1A3956D46DE8}") = "Infrastructure", "Infrastructure", "{C3635FEC-324F-6064-B71F-C1634882320A}"
EndProject
Project("{FAE04EC0-301F-11D3-BF4B-00C04F79EFBC}") = "TicTacToe.SessionGateway.Infrastructure", "samples\TicTacToe.SessionGateway\Server\Infrastructure\TicTacToe.SessionGateway.Infrastructure.csproj", "{EACF39CB-8922-4079-815C-0E2D0053E8E0}"
EndProject
Project("{2150E333-8FDC-42A3-9474-1A3956D46DE8}") = "Play", "Play", "{7045B056-019D-871F-A7CA-6AC48A71E61D}"
EndProject
Project("{FAE04EC0-301F-11D3-BF4B-00C04F79EFBC}") = "TicTacToe.SessionGateway.Play", "samples\TicTacToe.SessionGateway\Server\Play\TicTacToe.SessionGateway.Play.csproj", "{BAD645E2-D09A-4248-81BB-8AD392A583F0}"
EndProject
Project("{2150E333-8FDC-42A3-9474-1A3956D46DE8}") = "Registry", "Registry", "{8C2219A8-8377-C6D8-C7E8-A9D41EB125B9}"
EndProject
Project("{FAE04EC0-301F-11D3-BF4B-00C04F79EFBC}") = "TicTacToe.SessionGateway.Registry", "samples\TicTacToe.SessionGateway\Server\Registry\TicTacToe.SessionGateway.Registry.csproj", "{E181012F-779C-4910-8A17-5AD1AC229DC2}"
EndProject
Project("{2150E333-8FDC-42A3-9474-1A3956D46DE8}") = "Session", "Session", "{CFEDE997-D185-819A-8B5A-9B1A33F5218B}"
EndProject
Project("{FAE04EC0-301F-11D3-BF4B-00C04F79EFBC}") = "TicTacToe.SessionGateway.Session", "samples\TicTacToe.SessionGateway\Server\Session\TicTacToe.SessionGateway.Session.csproj", "{CCF06230-4D15-4312-838D-3D3FEDC5B2DC}"
EndProject
Global
	GlobalSection(SolutionConfigurationPlatforms) = preSolution
		Debug|Any CPU = Debug|Any CPU
		Debug|x64 = Debug|x64
		Debug|x86 = Debug|x86
		Release|Any CPU = Release|Any CPU
		Release|x64 = Release|x64
		Release|x86 = Release|x86
	EndGlobalSection
	GlobalSection(ProjectConfigurationPlatforms) = postSolution
		{22AA3415-E273-40A3-9F3C-279FC21A4FF9}.Debug|Any CPU.ActiveCfg = Debug|Any CPU
		{22AA3415-E273-40A3-9F3C-279FC21A4FF9}.Debug|Any CPU.Build.0 = Debug|Any CPU
		{22AA3415-E273-40A3-9F3C-279FC21A4FF9}.Debug|x64.ActiveCfg = Debug|Any CPU
		{22AA3415-E273-40A3-9F3C-279FC21A4FF9}.Debug|x64.Build.0 = Debug|Any CPU
		{22AA3415-E273-40A3-9F3C-279FC21A4FF9}.Debug|x86.ActiveCfg = Debug|Any CPU
		{22AA3415-E273-40A3-9F3C-279FC21A4FF9}.Debug|x86.Build.0 = Debug|Any CPU
		{22AA3415-E273-40A3-9F3C-279FC21A4FF9}.Release|Any CPU.ActiveCfg = Release|Any CPU
		{22AA3415-E273-40A3-9F3C-279FC21A4FF9}.Release|Any CPU.Build.0 = Release|Any CPU
		{22AA3415-E273-40A3-9F3C-279FC21A4FF9}.Release|x64.ActiveCfg = Release|Any CPU
		{22AA3415-E273-40A3-9F3C-279FC21A4FF9}.Release|x64.Build.0 = Release|Any CPU
		{22AA3415-E273-40A3-9F3C-279FC21A4FF9}.Release|x86.ActiveCfg = Release|Any CPU
		{22AA3415-E273-40A3-9F3C-279FC21A4FF9}.Release|x86.Build.0 = Release|Any CPU
		{3853B05A-6F45-4A7F-860B-FCA8C4AE9A90}.Debug|Any CPU.ActiveCfg = Debug|Any CPU
		{3853B05A-6F45-4A7F-860B-FCA8C4AE9A90}.Debug|Any CPU.Build.0 = Debug|Any CPU
		{3853B05A-6F45-4A7F-860B-FCA8C4AE9A90}.Debug|x64.ActiveCfg = Debug|Any CPU
		{3853B05A-6F45-4A7F-860B-FCA8C4AE9A90}.Debug|x64.Build.0 = Debug|Any CPU
		{3853B05A-6F45-4A7F-860B-FCA8C4AE9A90}.Debug|x86.ActiveCfg = Debug|Any CPU
		{3853B05A-6F45-4A7F-860B-FCA8C4AE9A90}.Debug|x86.Build.0 = Debug|Any CPU
		{3853B05A-6F45-4A7F-860B-FCA8C4AE9A90}.Release|Any CPU.ActiveCfg = Release|Any CPU
		{3853B05A-6F45-4A7F-860B-FCA8C4AE9A90}.Release|Any CPU.Build.0 = Release|Any CPU
		{3853B05A-6F45-4A7F-860B-FCA8C4AE9A90}.Release|x64.ActiveCfg = Release|Any CPU
		{3853B05A-6F45-4A7F-860B-FCA8C4AE9A90}.Release|x64.Build.0 = Release|Any CPU
		{3853B05A-6F45-4A7F-860B-FCA8C4AE9A90}.Release|x86.ActiveCfg = Release|Any CPU
		{3853B05A-6F45-4A7F-860B-FCA8C4AE9A90}.Release|x86.Build.0 = Release|Any CPU
		{321996DA-5258-4029-9A49-4121C7D1377A}.Debug|Any CPU.ActiveCfg = Debug|Any CPU
		{321996DA-5258-4029-9A49-4121C7D1377A}.Debug|Any CPU.Build.0 = Debug|Any CPU
		{321996DA-5258-4029-9A49-4121C7D1377A}.Debug|x64.ActiveCfg = Debug|Any CPU
		{321996DA-5258-4029-9A49-4121C7D1377A}.Debug|x64.Build.0 = Debug|Any CPU
		{321996DA-5258-4029-9A49-4121C7D1377A}.Debug|x86.ActiveCfg = Debug|Any CPU
		{321996DA-5258-4029-9A49-4121C7D1377A}.Debug|x86.Build.0 = Debug|Any CPU
		{321996DA-5258-4029-9A49-4121C7D1377A}.Release|Any CPU.ActiveCfg = Release|Any CPU
		{321996DA-5258-4029-9A49-4121C7D1377A}.Release|Any CPU.Build.0 = Release|Any CPU
		{321996DA-5258-4029-9A49-4121C7D1377A}.Release|x64.ActiveCfg = Release|Any CPU
		{321996DA-5258-4029-9A49-4121C7D1377A}.Release|x64.Build.0 = Release|Any CPU
		{321996DA-5258-4029-9A49-4121C7D1377A}.Release|x86.ActiveCfg = Release|Any CPU
		{321996DA-5258-4029-9A49-4121C7D1377A}.Release|x86.Build.0 = Release|Any CPU
		{20C24988-F307-4957-8547-7201F6593FCD}.Debug|Any CPU.ActiveCfg = Debug|Any CPU
		{20C24988-F307-4957-8547-7201F6593FCD}.Debug|Any CPU.Build.0 = Debug|Any CPU
		{20C24988-F307-4957-8547-7201F6593FCD}.Debug|x64.ActiveCfg = Debug|Any CPU
		{20C24988-F307-4957-8547-7201F6593FCD}.Debug|x64.Build.0 = Debug|Any CPU
		{20C24988-F307-4957-8547-7201F6593FCD}.Debug|x86.ActiveCfg = Debug|Any CPU
		{20C24988-F307-4957-8547-7201F6593FCD}.Debug|x86.Build.0 = Debug|Any CPU
		{20C24988-F307-4957-8547-7201F6593FCD}.Release|Any CPU.ActiveCfg = Release|Any CPU
		{20C24988-F307-4957-8547-7201F6593FCD}.Release|Any CPU.Build.0 = Release|Any CPU
		{20C24988-F307-4957-8547-7201F6593FCD}.Release|x64.ActiveCfg = Release|Any CPU
		{20C24988-F307-4957-8547-7201F6593FCD}.Release|x64.Build.0 = Release|Any CPU
		{20C24988-F307-4957-8547-7201F6593FCD}.Release|x86.ActiveCfg = Release|Any CPU
		{20C24988-F307-4957-8547-7201F6593FCD}.Release|x86.Build.0 = Release|Any CPU
		{FF1A6329-0D5F-4849-B66C-C947AEB74AFE}.Debug|Any CPU.ActiveCfg = Debug|Any CPU
		{FF1A6329-0D5F-4849-B66C-C947AEB74AFE}.Debug|Any CPU.Build.0 = Debug|Any CPU
		{FF1A6329-0D5F-4849-B66C-C947AEB74AFE}.Debug|x64.ActiveCfg = Debug|Any CPU
		{FF1A6329-0D5F-4849-B66C-C947AEB74AFE}.Debug|x64.Build.0 = Debug|Any CPU
		{FF1A6329-0D5F-4849-B66C-C947AEB74AFE}.Debug|x86.ActiveCfg = Debug|Any CPU
		{FF1A6329-0D5F-4849-B66C-C947AEB74AFE}.Debug|x86.Build.0 = Debug|Any CPU
		{FF1A6329-0D5F-4849-B66C-C947AEB74AFE}.Release|Any CPU.ActiveCfg = Release|Any CPU
		{FF1A6329-0D5F-4849-B66C-C947AEB74AFE}.Release|Any CPU.Build.0 = Release|Any CPU
		{FF1A6329-0D5F-4849-B66C-C947AEB74AFE}.Release|x64.ActiveCfg = Release|Any CPU
		{FF1A6329-0D5F-4849-B66C-C947AEB74AFE}.Release|x64.Build.0 = Release|Any CPU
		{FF1A6329-0D5F-4849-B66C-C947AEB74AFE}.Release|x86.ActiveCfg = Release|Any CPU
		{FF1A6329-0D5F-4849-B66C-C947AEB74AFE}.Release|x86.Build.0 = Release|Any CPU
		{E028277D-079E-477D-9EB1-1A722C74F33F}.Debug|Any CPU.ActiveCfg = Debug|Any CPU
		{E028277D-079E-477D-9EB1-1A722C74F33F}.Debug|Any CPU.Build.0 = Debug|Any CPU
		{E028277D-079E-477D-9EB1-1A722C74F33F}.Debug|x64.ActiveCfg = Debug|Any CPU
		{E028277D-079E-477D-9EB1-1A722C74F33F}.Debug|x64.Build.0 = Debug|Any CPU
		{E028277D-079E-477D-9EB1-1A722C74F33F}.Debug|x86.ActiveCfg = Debug|Any CPU
		{E028277D-079E-477D-9EB1-1A722C74F33F}.Debug|x86.Build.0 = Debug|Any CPU
		{E028277D-079E-477D-9EB1-1A722C74F33F}.Release|Any CPU.ActiveCfg = Release|Any CPU
		{E028277D-079E-477D-9EB1-1A722C74F33F}.Release|Any CPU.Build.0 = Release|Any CPU
		{E028277D-079E-477D-9EB1-1A722C74F33F}.Release|x64.ActiveCfg = Release|Any CPU
		{E028277D-079E-477D-9EB1-1A722C74F33F}.Release|x64.Build.0 = Release|Any CPU
		{E028277D-079E-477D-9EB1-1A722C74F33F}.Release|x86.ActiveCfg = Release|Any CPU
		{E028277D-079E-477D-9EB1-1A722C74F33F}.Release|x86.Build.0 = Release|Any CPU
		{9E8DE438-DB24-4083-A014-B7A80DA43DB0}.Debug|Any CPU.ActiveCfg = Debug|Any CPU
		{9E8DE438-DB24-4083-A014-B7A80DA43DB0}.Debug|Any CPU.Build.0 = Debug|Any CPU
		{9E8DE438-DB24-4083-A014-B7A80DA43DB0}.Debug|x64.ActiveCfg = Debug|Any CPU
		{9E8DE438-DB24-4083-A014-B7A80DA43DB0}.Debug|x64.Build.0 = Debug|Any CPU
		{9E8DE438-DB24-4083-A014-B7A80DA43DB0}.Debug|x86.ActiveCfg = Debug|Any CPU
		{9E8DE438-DB24-4083-A014-B7A80DA43DB0}.Debug|x86.Build.0 = Debug|Any CPU
		{9E8DE438-DB24-4083-A014-B7A80DA43DB0}.Release|Any CPU.ActiveCfg = Release|Any CPU
		{9E8DE438-DB24-4083-A014-B7A80DA43DB0}.Release|Any CPU.Build.0 = Release|Any CPU
		{9E8DE438-DB24-4083-A014-B7A80DA43DB0}.Release|x64.ActiveCfg = Release|Any CPU
		{9E8DE438-DB24-4083-A014-B7A80DA43DB0}.Release|x64.Build.0 = Release|Any CPU
		{9E8DE438-DB24-4083-A014-B7A80DA43DB0}.Release|x86.ActiveCfg = Release|Any CPU
		{9E8DE438-DB24-4083-A014-B7A80DA43DB0}.Release|x86.Build.0 = Release|Any CPU
		{8729447A-72E9-4FD6-A83F-E00658A109F3}.Debug|Any CPU.ActiveCfg = Debug|Any CPU
		{8729447A-72E9-4FD6-A83F-E00658A109F3}.Debug|Any CPU.Build.0 = Debug|Any CPU
		{8729447A-72E9-4FD6-A83F-E00658A109F3}.Debug|x64.ActiveCfg = Debug|Any CPU
		{8729447A-72E9-4FD6-A83F-E00658A109F3}.Debug|x64.Build.0 = Debug|Any CPU
		{8729447A-72E9-4FD6-A83F-E00658A109F3}.Debug|x86.ActiveCfg = Debug|Any CPU
		{8729447A-72E9-4FD6-A83F-E00658A109F3}.Debug|x86.Build.0 = Debug|Any CPU
		{8729447A-72E9-4FD6-A83F-E00658A109F3}.Release|Any CPU.ActiveCfg = Release|Any CPU
		{8729447A-72E9-4FD6-A83F-E00658A109F3}.Release|Any CPU.Build.0 = Release|Any CPU
		{8729447A-72E9-4FD6-A83F-E00658A109F3}.Release|x64.ActiveCfg = Release|Any CPU
		{8729447A-72E9-4FD6-A83F-E00658A109F3}.Release|x64.Build.0 = Release|Any CPU
		{8729447A-72E9-4FD6-A83F-E00658A109F3}.Release|x86.ActiveCfg = Release|Any CPU
		{8729447A-72E9-4FD6-A83F-E00658A109F3}.Release|x86.Build.0 = Release|Any CPU
		{C0DFABEA-4A13-48BE-8955-2A1DC14BC33B}.Debug|Any CPU.ActiveCfg = Debug|Any CPU
		{C0DFABEA-4A13-48BE-8955-2A1DC14BC33B}.Debug|Any CPU.Build.0 = Debug|Any CPU
		{C0DFABEA-4A13-48BE-8955-2A1DC14BC33B}.Debug|x64.ActiveCfg = Debug|Any CPU
		{C0DFABEA-4A13-48BE-8955-2A1DC14BC33B}.Debug|x64.Build.0 = Debug|Any CPU
		{C0DFABEA-4A13-48BE-8955-2A1DC14BC33B}.Debug|x86.ActiveCfg = Debug|Any CPU
		{C0DFABEA-4A13-48BE-8955-2A1DC14BC33B}.Debug|x86.Build.0 = Debug|Any CPU
		{C0DFABEA-4A13-48BE-8955-2A1DC14BC33B}.Release|Any CPU.ActiveCfg = Release|Any CPU
		{C0DFABEA-4A13-48BE-8955-2A1DC14BC33B}.Release|Any CPU.Build.0 = Release|Any CPU
		{C0DFABEA-4A13-48BE-8955-2A1DC14BC33B}.Release|x64.ActiveCfg = Release|Any CPU
		{C0DFABEA-4A13-48BE-8955-2A1DC14BC33B}.Release|x64.Build.0 = Release|Any CPU
		{C0DFABEA-4A13-48BE-8955-2A1DC14BC33B}.Release|x86.ActiveCfg = Release|Any CPU
		{C0DFABEA-4A13-48BE-8955-2A1DC14BC33B}.Release|x86.Build.0 = Release|Any CPU
		{381AF81A-B719-4D2D-B227-A48E4F625A57}.Debug|Any CPU.ActiveCfg = Debug|Any CPU
		{381AF81A-B719-4D2D-B227-A48E4F625A57}.Debug|Any CPU.Build.0 = Debug|Any CPU
		{381AF81A-B719-4D2D-B227-A48E4F625A57}.Debug|x64.ActiveCfg = Debug|Any CPU
		{381AF81A-B719-4D2D-B227-A48E4F625A57}.Debug|x64.Build.0 = Debug|Any CPU
		{381AF81A-B719-4D2D-B227-A48E4F625A57}.Debug|x86.ActiveCfg = Debug|Any CPU
		{381AF81A-B719-4D2D-B227-A48E4F625A57}.Debug|x86.Build.0 = Debug|Any CPU
		{381AF81A-B719-4D2D-B227-A48E4F625A57}.Release|Any CPU.ActiveCfg = Release|Any CPU
		{381AF81A-B719-4D2D-B227-A48E4F625A57}.Release|Any CPU.Build.0 = Release|Any CPU
		{381AF81A-B719-4D2D-B227-A48E4F625A57}.Release|x64.ActiveCfg = Release|Any CPU
		{381AF81A-B719-4D2D-B227-A48E4F625A57}.Release|x64.Build.0 = Release|Any CPU
		{381AF81A-B719-4D2D-B227-A48E4F625A57}.Release|x86.ActiveCfg = Release|Any CPU
		{381AF81A-B719-4D2D-B227-A48E4F625A57}.Release|x86.Build.0 = Release|Any CPU
		{A3CBEF86-B37E-48F3-B6B8-FE6A648576F1}.Debug|Any CPU.ActiveCfg = Debug|Any CPU
		{A3CBEF86-B37E-48F3-B6B8-FE6A648576F1}.Debug|Any CPU.Build.0 = Debug|Any CPU
		{A3CBEF86-B37E-48F3-B6B8-FE6A648576F1}.Debug|x64.ActiveCfg = Debug|Any CPU
		{A3CBEF86-B37E-48F3-B6B8-FE6A648576F1}.Debug|x64.Build.0 = Debug|Any CPU
		{A3CBEF86-B37E-48F3-B6B8-FE6A648576F1}.Debug|x86.ActiveCfg = Debug|Any CPU
		{A3CBEF86-B37E-48F3-B6B8-FE6A648576F1}.Debug|x86.Build.0 = Debug|Any CPU
		{A3CBEF86-B37E-48F3-B6B8-FE6A648576F1}.Release|Any CPU.ActiveCfg = Release|Any CPU
		{A3CBEF86-B37E-48F3-B6B8-FE6A648576F1}.Release|Any CPU.Build.0 = Release|Any CPU
		{A3CBEF86-B37E-48F3-B6B8-FE6A648576F1}.Release|x64.ActiveCfg = Release|Any CPU
		{A3CBEF86-B37E-48F3-B6B8-FE6A648576F1}.Release|x64.Build.0 = Release|Any CPU
		{A3CBEF86-B37E-48F3-B6B8-FE6A648576F1}.Release|x86.ActiveCfg = Release|Any CPU
		{A3CBEF86-B37E-48F3-B6B8-FE6A648576F1}.Release|x86.Build.0 = Release|Any CPU
		{C6C39E87-38D9-4C21-8BA8-763E81BED945}.Debug|Any CPU.ActiveCfg = Debug|Any CPU
		{C6C39E87-38D9-4C21-8BA8-763E81BED945}.Debug|Any CPU.Build.0 = Debug|Any CPU
		{C6C39E87-38D9-4C21-8BA8-763E81BED945}.Debug|x64.ActiveCfg = Debug|Any CPU
		{C6C39E87-38D9-4C21-8BA8-763E81BED945}.Debug|x64.Build.0 = Debug|Any CPU
		{C6C39E87-38D9-4C21-8BA8-763E81BED945}.Debug|x86.ActiveCfg = Debug|Any CPU
		{C6C39E87-38D9-4C21-8BA8-763E81BED945}.Debug|x86.Build.0 = Debug|Any CPU
		{C6C39E87-38D9-4C21-8BA8-763E81BED945}.Release|Any CPU.ActiveCfg = Release|Any CPU
		{C6C39E87-38D9-4C21-8BA8-763E81BED945}.Release|Any CPU.Build.0 = Release|Any CPU
		{C6C39E87-38D9-4C21-8BA8-763E81BED945}.Release|x64.ActiveCfg = Release|Any CPU
		{C6C39E87-38D9-4C21-8BA8-763E81BED945}.Release|x64.Build.0 = Release|Any CPU
		{C6C39E87-38D9-4C21-8BA8-763E81BED945}.Release|x86.ActiveCfg = Release|Any CPU
		{C6C39E87-38D9-4C21-8BA8-763E81BED945}.Release|x86.Build.0 = Release|Any CPU
		{930BD426-7750-4A83-9960-FB690DFEB1D8}.Debug|Any CPU.ActiveCfg = Debug|Any CPU
		{930BD426-7750-4A83-9960-FB690DFEB1D8}.Debug|Any CPU.Build.0 = Debug|Any CPU
		{930BD426-7750-4A83-9960-FB690DFEB1D8}.Debug|x64.ActiveCfg = Debug|Any CPU
		{930BD426-7750-4A83-9960-FB690DFEB1D8}.Debug|x64.Build.0 = Debug|Any CPU
		{930BD426-7750-4A83-9960-FB690DFEB1D8}.Debug|x86.ActiveCfg = Debug|Any CPU
		{930BD426-7750-4A83-9960-FB690DFEB1D8}.Debug|x86.Build.0 = Debug|Any CPU
		{930BD426-7750-4A83-9960-FB690DFEB1D8}.Release|Any CPU.ActiveCfg = Release|Any CPU
		{930BD426-7750-4A83-9960-FB690DFEB1D8}.Release|Any CPU.Build.0 = Release|Any CPU
		{930BD426-7750-4A83-9960-FB690DFEB1D8}.Release|x64.ActiveCfg = Release|Any CPU
		{930BD426-7750-4A83-9960-FB690DFEB1D8}.Release|x64.Build.0 = Release|Any CPU
		{930BD426-7750-4A83-9960-FB690DFEB1D8}.Release|x86.ActiveCfg = Release|Any CPU
		{930BD426-7750-4A83-9960-FB690DFEB1D8}.Release|x86.Build.0 = Release|Any CPU
		{EF560B85-2ED8-43D1-B6C4-8B9A86EA5A99}.Debug|Any CPU.ActiveCfg = Debug|Any CPU
		{EF560B85-2ED8-43D1-B6C4-8B9A86EA5A99}.Debug|Any CPU.Build.0 = Debug|Any CPU
		{EF560B85-2ED8-43D1-B6C4-8B9A86EA5A99}.Debug|x64.ActiveCfg = Debug|Any CPU
		{EF560B85-2ED8-43D1-B6C4-8B9A86EA5A99}.Debug|x64.Build.0 = Debug|Any CPU
		{EF560B85-2ED8-43D1-B6C4-8B9A86EA5A99}.Debug|x86.ActiveCfg = Debug|Any CPU
		{EF560B85-2ED8-43D1-B6C4-8B9A86EA5A99}.Debug|x86.Build.0 = Debug|Any CPU
		{EF560B85-2ED8-43D1-B6C4-8B9A86EA5A99}.Release|Any CPU.ActiveCfg = Release|Any CPU
		{EF560B85-2ED8-43D1-B6C4-8B9A86EA5A99}.Release|Any CPU.Build.0 = Release|Any CPU
		{EF560B85-2ED8-43D1-B6C4-8B9A86EA5A99}.Release|x64.ActiveCfg = Release|Any CPU
		{EF560B85-2ED8-43D1-B6C4-8B9A86EA5A99}.Release|x64.Build.0 = Release|Any CPU
		{EF560B85-2ED8-43D1-B6C4-8B9A86EA5A99}.Release|x86.ActiveCfg = Release|Any CPU
		{EF560B85-2ED8-43D1-B6C4-8B9A86EA5A99}.Release|x86.Build.0 = Release|Any CPU
		{B371C51E-F8C1-4C16-90B2-97F81CA468E7}.Debug|Any CPU.ActiveCfg = Debug|Any CPU
		{B371C51E-F8C1-4C16-90B2-97F81CA468E7}.Debug|Any CPU.Build.0 = Debug|Any CPU
		{B371C51E-F8C1-4C16-90B2-97F81CA468E7}.Debug|x64.ActiveCfg = Debug|Any CPU
		{B371C51E-F8C1-4C16-90B2-97F81CA468E7}.Debug|x64.Build.0 = Debug|Any CPU
		{B371C51E-F8C1-4C16-90B2-97F81CA468E7}.Debug|x86.ActiveCfg = Debug|Any CPU
		{B371C51E-F8C1-4C16-90B2-97F81CA468E7}.Debug|x86.Build.0 = Debug|Any CPU
		{B371C51E-F8C1-4C16-90B2-97F81CA468E7}.Release|Any CPU.ActiveCfg = Release|Any CPU
		{B371C51E-F8C1-4C16-90B2-97F81CA468E7}.Release|Any CPU.Build.0 = Release|Any CPU
		{B371C51E-F8C1-4C16-90B2-97F81CA468E7}.Release|x64.ActiveCfg = Release|Any CPU
		{B371C51E-F8C1-4C16-90B2-97F81CA468E7}.Release|x64.Build.0 = Release|Any CPU
		{B371C51E-F8C1-4C16-90B2-97F81CA468E7}.Release|x86.ActiveCfg = Release|Any CPU
		{B371C51E-F8C1-4C16-90B2-97F81CA468E7}.Release|x86.Build.0 = Release|Any CPU
		{902C7AED-DD75-48FE-A814-F904F356E4A5}.Debug|Any CPU.ActiveCfg = Debug|Any CPU
		{902C7AED-DD75-48FE-A814-F904F356E4A5}.Debug|Any CPU.Build.0 = Debug|Any CPU
		{902C7AED-DD75-48FE-A814-F904F356E4A5}.Debug|x64.ActiveCfg = Debug|Any CPU
		{902C7AED-DD75-48FE-A814-F904F356E4A5}.Debug|x64.Build.0 = Debug|Any CPU
		{902C7AED-DD75-48FE-A814-F904F356E4A5}.Debug|x86.ActiveCfg = Debug|Any CPU
		{902C7AED-DD75-48FE-A814-F904F356E4A5}.Debug|x86.Build.0 = Debug|Any CPU
		{902C7AED-DD75-48FE-A814-F904F356E4A5}.Release|Any CPU.ActiveCfg = Release|Any CPU
		{902C7AED-DD75-48FE-A814-F904F356E4A5}.Release|Any CPU.Build.0 = Release|Any CPU
		{902C7AED-DD75-48FE-A814-F904F356E4A5}.Release|x64.ActiveCfg = Release|Any CPU
		{902C7AED-DD75-48FE-A814-F904F356E4A5}.Release|x64.Build.0 = Release|Any CPU
		{902C7AED-DD75-48FE-A814-F904F356E4A5}.Release|x86.ActiveCfg = Release|Any CPU
		{902C7AED-DD75-48FE-A814-F904F356E4A5}.Release|x86.Build.0 = Release|Any CPU
		{31AABE78-EFEF-465E-B507-7D481A8C2ED3}.Debug|Any CPU.ActiveCfg = Debug|Any CPU
		{31AABE78-EFEF-465E-B507-7D481A8C2ED3}.Debug|Any CPU.Build.0 = Debug|Any CPU
		{31AABE78-EFEF-465E-B507-7D481A8C2ED3}.Debug|x64.ActiveCfg = Debug|Any CPU
		{31AABE78-EFEF-465E-B507-7D481A8C2ED3}.Debug|x64.Build.0 = Debug|Any CPU
		{31AABE78-EFEF-465E-B507-7D481A8C2ED3}.Debug|x86.ActiveCfg = Debug|Any CPU
		{31AABE78-EFEF-465E-B507-7D481A8C2ED3}.Debug|x86.Build.0 = Debug|Any CPU
		{31AABE78-EFEF-465E-B507-7D481A8C2ED3}.Release|Any CPU.ActiveCfg = Release|Any CPU
		{31AABE78-EFEF-465E-B507-7D481A8C2ED3}.Release|Any CPU.Build.0 = Release|Any CPU
		{31AABE78-EFEF-465E-B507-7D481A8C2ED3}.Release|x64.ActiveCfg = Release|Any CPU
		{31AABE78-EFEF-465E-B507-7D481A8C2ED3}.Release|x64.Build.0 = Release|Any CPU
		{31AABE78-EFEF-465E-B507-7D481A8C2ED3}.Release|x86.ActiveCfg = Release|Any CPU
		{31AABE78-EFEF-465E-B507-7D481A8C2ED3}.Release|x86.Build.0 = Release|Any CPU
		{1DE23499-14D0-4BA2-AEA4-2BFB20C1133F}.Debug|Any CPU.ActiveCfg = Debug|Any CPU
		{1DE23499-14D0-4BA2-AEA4-2BFB20C1133F}.Debug|Any CPU.Build.0 = Debug|Any CPU
		{1DE23499-14D0-4BA2-AEA4-2BFB20C1133F}.Debug|x64.ActiveCfg = Debug|Any CPU
		{1DE23499-14D0-4BA2-AEA4-2BFB20C1133F}.Debug|x64.Build.0 = Debug|Any CPU
		{1DE23499-14D0-4BA2-AEA4-2BFB20C1133F}.Debug|x86.ActiveCfg = Debug|Any CPU
		{1DE23499-14D0-4BA2-AEA4-2BFB20C1133F}.Debug|x86.Build.0 = Debug|Any CPU
		{1DE23499-14D0-4BA2-AEA4-2BFB20C1133F}.Release|Any CPU.ActiveCfg = Release|Any CPU
		{1DE23499-14D0-4BA2-AEA4-2BFB20C1133F}.Release|Any CPU.Build.0 = Release|Any CPU
		{1DE23499-14D0-4BA2-AEA4-2BFB20C1133F}.Release|x64.ActiveCfg = Release|Any CPU
		{1DE23499-14D0-4BA2-AEA4-2BFB20C1133F}.Release|x64.Build.0 = Release|Any CPU
		{1DE23499-14D0-4BA2-AEA4-2BFB20C1133F}.Release|x86.ActiveCfg = Release|Any CPU
		{1DE23499-14D0-4BA2-AEA4-2BFB20C1133F}.Release|x86.Build.0 = Release|Any CPU
		{8A179090-24D1-464D-802C-525B92359DC7}.Debug|Any CPU.ActiveCfg = Debug|Any CPU
		{8A179090-24D1-464D-802C-525B92359DC7}.Debug|Any CPU.Build.0 = Debug|Any CPU
		{8A179090-24D1-464D-802C-525B92359DC7}.Debug|x64.ActiveCfg = Debug|Any CPU
		{8A179090-24D1-464D-802C-525B92359DC7}.Debug|x64.Build.0 = Debug|Any CPU
		{8A179090-24D1-464D-802C-525B92359DC7}.Debug|x86.ActiveCfg = Debug|Any CPU
		{8A179090-24D1-464D-802C-525B92359DC7}.Debug|x86.Build.0 = Debug|Any CPU
		{8A179090-24D1-464D-802C-525B92359DC7}.Release|Any CPU.ActiveCfg = Release|Any CPU
		{8A179090-24D1-464D-802C-525B92359DC7}.Release|Any CPU.Build.0 = Release|Any CPU
		{8A179090-24D1-464D-802C-525B92359DC7}.Release|x64.ActiveCfg = Release|Any CPU
		{8A179090-24D1-464D-802C-525B92359DC7}.Release|x64.Build.0 = Release|Any CPU
		{8A179090-24D1-464D-802C-525B92359DC7}.Release|x86.ActiveCfg = Release|Any CPU
		{8A179090-24D1-464D-802C-525B92359DC7}.Release|x86.Build.0 = Release|Any CPU
		{3AA66F5B-D35B-4830-B73A-825F01EB4BB1}.Debug|Any CPU.ActiveCfg = Debug|Any CPU
		{3AA66F5B-D35B-4830-B73A-825F01EB4BB1}.Debug|Any CPU.Build.0 = Debug|Any CPU
		{3AA66F5B-D35B-4830-B73A-825F01EB4BB1}.Debug|x64.ActiveCfg = Debug|Any CPU
		{3AA66F5B-D35B-4830-B73A-825F01EB4BB1}.Debug|x64.Build.0 = Debug|Any CPU
		{3AA66F5B-D35B-4830-B73A-825F01EB4BB1}.Debug|x86.ActiveCfg = Debug|Any CPU
		{3AA66F5B-D35B-4830-B73A-825F01EB4BB1}.Debug|x86.Build.0 = Debug|Any CPU
		{3AA66F5B-D35B-4830-B73A-825F01EB4BB1}.Release|Any CPU.ActiveCfg = Release|Any CPU
		{3AA66F5B-D35B-4830-B73A-825F01EB4BB1}.Release|Any CPU.Build.0 = Release|Any CPU
		{3AA66F5B-D35B-4830-B73A-825F01EB4BB1}.Release|x64.ActiveCfg = Release|Any CPU
		{3AA66F5B-D35B-4830-B73A-825F01EB4BB1}.Release|x64.Build.0 = Release|Any CPU
		{3AA66F5B-D35B-4830-B73A-825F01EB4BB1}.Release|x86.ActiveCfg = Release|Any CPU
		{3AA66F5B-D35B-4830-B73A-825F01EB4BB1}.Release|x86.Build.0 = Release|Any CPU
		{26822D5B-9271-4123-B070-73D8565C605E}.Debug|Any CPU.ActiveCfg = Debug|Any CPU
		{26822D5B-9271-4123-B070-73D8565C605E}.Debug|Any CPU.Build.0 = Debug|Any CPU
		{26822D5B-9271-4123-B070-73D8565C605E}.Debug|x64.ActiveCfg = Debug|Any CPU
		{26822D5B-9271-4123-B070-73D8565C605E}.Debug|x64.Build.0 = Debug|Any CPU
		{26822D5B-9271-4123-B070-73D8565C605E}.Debug|x86.ActiveCfg = Debug|Any CPU
		{26822D5B-9271-4123-B070-73D8565C605E}.Debug|x86.Build.0 = Debug|Any CPU
		{26822D5B-9271-4123-B070-73D8565C605E}.Release|Any CPU.ActiveCfg = Release|Any CPU
		{26822D5B-9271-4123-B070-73D8565C605E}.Release|Any CPU.Build.0 = Release|Any CPU
		{26822D5B-9271-4123-B070-73D8565C605E}.Release|x64.ActiveCfg = Release|Any CPU
		{26822D5B-9271-4123-B070-73D8565C605E}.Release|x64.Build.0 = Release|Any CPU
		{26822D5B-9271-4123-B070-73D8565C605E}.Release|x86.ActiveCfg = Release|Any CPU
		{26822D5B-9271-4123-B070-73D8565C605E}.Release|x86.Build.0 = Release|Any CPU
		{C56AA682-50DF-458B-80DB-79237098B613}.Debug|Any CPU.ActiveCfg = Debug|Any CPU
		{C56AA682-50DF-458B-80DB-79237098B613}.Debug|Any CPU.Build.0 = Debug|Any CPU
		{C56AA682-50DF-458B-80DB-79237098B613}.Debug|x64.ActiveCfg = Debug|Any CPU
		{C56AA682-50DF-458B-80DB-79237098B613}.Debug|x64.Build.0 = Debug|Any CPU
		{C56AA682-50DF-458B-80DB-79237098B613}.Debug|x86.ActiveCfg = Debug|Any CPU
		{C56AA682-50DF-458B-80DB-79237098B613}.Debug|x86.Build.0 = Debug|Any CPU
		{C56AA682-50DF-458B-80DB-79237098B613}.Release|Any CPU.ActiveCfg = Release|Any CPU
		{C56AA682-50DF-458B-80DB-79237098B613}.Release|Any CPU.Build.0 = Release|Any CPU
		{C56AA682-50DF-458B-80DB-79237098B613}.Release|x64.ActiveCfg = Release|Any CPU
		{C56AA682-50DF-458B-80DB-79237098B613}.Release|x64.Build.0 = Release|Any CPU
		{C56AA682-50DF-458B-80DB-79237098B613}.Release|x86.ActiveCfg = Release|Any CPU
		{C56AA682-50DF-458B-80DB-79237098B613}.Release|x86.Build.0 = Release|Any CPU
		{8FCC8D5B-4DEC-4C0A-8B2C-4A4D6CA70222}.Debug|Any CPU.ActiveCfg = Debug|Any CPU
		{8FCC8D5B-4DEC-4C0A-8B2C-4A4D6CA70222}.Debug|Any CPU.Build.0 = Debug|Any CPU
		{8FCC8D5B-4DEC-4C0A-8B2C-4A4D6CA70222}.Debug|x64.ActiveCfg = Debug|Any CPU
		{8FCC8D5B-4DEC-4C0A-8B2C-4A4D6CA70222}.Debug|x64.Build.0 = Debug|Any CPU
		{8FCC8D5B-4DEC-4C0A-8B2C-4A4D6CA70222}.Debug|x86.ActiveCfg = Debug|Any CPU
		{8FCC8D5B-4DEC-4C0A-8B2C-4A4D6CA70222}.Debug|x86.Build.0 = Debug|Any CPU
		{8FCC8D5B-4DEC-4C0A-8B2C-4A4D6CA70222}.Release|Any CPU.ActiveCfg = Release|Any CPU
		{8FCC8D5B-4DEC-4C0A-8B2C-4A4D6CA70222}.Release|Any CPU.Build.0 = Release|Any CPU
		{8FCC8D5B-4DEC-4C0A-8B2C-4A4D6CA70222}.Release|x64.ActiveCfg = Release|Any CPU
		{8FCC8D5B-4DEC-4C0A-8B2C-4A4D6CA70222}.Release|x64.Build.0 = Release|Any CPU
		{8FCC8D5B-4DEC-4C0A-8B2C-4A4D6CA70222}.Release|x86.ActiveCfg = Release|Any CPU
		{8FCC8D5B-4DEC-4C0A-8B2C-4A4D6CA70222}.Release|x86.Build.0 = Release|Any CPU
		{3CFFA5BB-10ED-4961-A0A5-4DC15CF0438B}.Debug|Any CPU.ActiveCfg = Debug|Any CPU
		{3CFFA5BB-10ED-4961-A0A5-4DC15CF0438B}.Debug|Any CPU.Build.0 = Debug|Any CPU
		{3CFFA5BB-10ED-4961-A0A5-4DC15CF0438B}.Debug|x64.ActiveCfg = Debug|Any CPU
		{3CFFA5BB-10ED-4961-A0A5-4DC15CF0438B}.Debug|x64.Build.0 = Debug|Any CPU
		{3CFFA5BB-10ED-4961-A0A5-4DC15CF0438B}.Debug|x86.ActiveCfg = Debug|Any CPU
		{3CFFA5BB-10ED-4961-A0A5-4DC15CF0438B}.Debug|x86.Build.0 = Debug|Any CPU
		{3CFFA5BB-10ED-4961-A0A5-4DC15CF0438B}.Release|Any CPU.ActiveCfg = Release|Any CPU
		{3CFFA5BB-10ED-4961-A0A5-4DC15CF0438B}.Release|Any CPU.Build.0 = Release|Any CPU
		{3CFFA5BB-10ED-4961-A0A5-4DC15CF0438B}.Release|x64.ActiveCfg = Release|Any CPU
		{3CFFA5BB-10ED-4961-A0A5-4DC15CF0438B}.Release|x64.Build.0 = Release|Any CPU
		{3CFFA5BB-10ED-4961-A0A5-4DC15CF0438B}.Release|x86.ActiveCfg = Release|Any CPU
		{3CFFA5BB-10ED-4961-A0A5-4DC15CF0438B}.Release|x86.Build.0 = Release|Any CPU
		{66890B45-BF15-4689-93E4-158689D90B85}.Debug|Any CPU.ActiveCfg = Debug|Any CPU
		{66890B45-BF15-4689-93E4-158689D90B85}.Debug|Any CPU.Build.0 = Debug|Any CPU
		{66890B45-BF15-4689-93E4-158689D90B85}.Debug|x64.ActiveCfg = Debug|Any CPU
		{66890B45-BF15-4689-93E4-158689D90B85}.Debug|x64.Build.0 = Debug|Any CPU
		{66890B45-BF15-4689-93E4-158689D90B85}.Debug|x86.ActiveCfg = Debug|Any CPU
		{66890B45-BF15-4689-93E4-158689D90B85}.Debug|x86.Build.0 = Debug|Any CPU
		{66890B45-BF15-4689-93E4-158689D90B85}.Release|Any CPU.ActiveCfg = Release|Any CPU
		{66890B45-BF15-4689-93E4-158689D90B85}.Release|Any CPU.Build.0 = Release|Any CPU
		{66890B45-BF15-4689-93E4-158689D90B85}.Release|x64.ActiveCfg = Release|Any CPU
		{66890B45-BF15-4689-93E4-158689D90B85}.Release|x64.Build.0 = Release|Any CPU
		{66890B45-BF15-4689-93E4-158689D90B85}.Release|x86.ActiveCfg = Release|Any CPU
		{66890B45-BF15-4689-93E4-158689D90B85}.Release|x86.Build.0 = Release|Any CPU
		{06F1839E-96FB-4D70-AE98-DA636B9EDB09}.Debug|Any CPU.ActiveCfg = Debug|Any CPU
		{06F1839E-96FB-4D70-AE98-DA636B9EDB09}.Debug|Any CPU.Build.0 = Debug|Any CPU
		{06F1839E-96FB-4D70-AE98-DA636B9EDB09}.Debug|x64.ActiveCfg = Debug|Any CPU
		{06F1839E-96FB-4D70-AE98-DA636B9EDB09}.Debug|x64.Build.0 = Debug|Any CPU
		{06F1839E-96FB-4D70-AE98-DA636B9EDB09}.Debug|x86.ActiveCfg = Debug|Any CPU
		{06F1839E-96FB-4D70-AE98-DA636B9EDB09}.Debug|x86.Build.0 = Debug|Any CPU
		{06F1839E-96FB-4D70-AE98-DA636B9EDB09}.Release|Any CPU.ActiveCfg = Release|Any CPU
		{06F1839E-96FB-4D70-AE98-DA636B9EDB09}.Release|Any CPU.Build.0 = Release|Any CPU
		{06F1839E-96FB-4D70-AE98-DA636B9EDB09}.Release|x64.ActiveCfg = Release|Any CPU
		{06F1839E-96FB-4D70-AE98-DA636B9EDB09}.Release|x64.Build.0 = Release|Any CPU
		{06F1839E-96FB-4D70-AE98-DA636B9EDB09}.Release|x86.ActiveCfg = Release|Any CPU
		{06F1839E-96FB-4D70-AE98-DA636B9EDB09}.Release|x86.Build.0 = Release|Any CPU
		{F31D22F5-0237-47B8-8991-6BF7987DCBAD}.Debug|Any CPU.ActiveCfg = Debug|Any CPU
		{F31D22F5-0237-47B8-8991-6BF7987DCBAD}.Debug|Any CPU.Build.0 = Debug|Any CPU
		{F31D22F5-0237-47B8-8991-6BF7987DCBAD}.Debug|x64.ActiveCfg = Debug|Any CPU
		{F31D22F5-0237-47B8-8991-6BF7987DCBAD}.Debug|x64.Build.0 = Debug|Any CPU
		{F31D22F5-0237-47B8-8991-6BF7987DCBAD}.Debug|x86.ActiveCfg = Debug|Any CPU
		{F31D22F5-0237-47B8-8991-6BF7987DCBAD}.Debug|x86.Build.0 = Debug|Any CPU
		{F31D22F5-0237-47B8-8991-6BF7987DCBAD}.Release|Any CPU.ActiveCfg = Release|Any CPU
		{F31D22F5-0237-47B8-8991-6BF7987DCBAD}.Release|Any CPU.Build.0 = Release|Any CPU
		{F31D22F5-0237-47B8-8991-6BF7987DCBAD}.Release|x64.ActiveCfg = Release|Any CPU
		{F31D22F5-0237-47B8-8991-6BF7987DCBAD}.Release|x64.Build.0 = Release|Any CPU
		{F31D22F5-0237-47B8-8991-6BF7987DCBAD}.Release|x86.ActiveCfg = Release|Any CPU
		{F31D22F5-0237-47B8-8991-6BF7987DCBAD}.Release|x86.Build.0 = Release|Any CPU
		{682A11E9-38E2-4B88-A9F0-5FF8F1EFD370}.Debug|Any CPU.ActiveCfg = Debug|Any CPU
		{682A11E9-38E2-4B88-A9F0-5FF8F1EFD370}.Debug|Any CPU.Build.0 = Debug|Any CPU
		{682A11E9-38E2-4B88-A9F0-5FF8F1EFD370}.Debug|x64.ActiveCfg = Debug|Any CPU
		{682A11E9-38E2-4B88-A9F0-5FF8F1EFD370}.Debug|x64.Build.0 = Debug|Any CPU
		{682A11E9-38E2-4B88-A9F0-5FF8F1EFD370}.Debug|x86.ActiveCfg = Debug|Any CPU
		{682A11E9-38E2-4B88-A9F0-5FF8F1EFD370}.Debug|x86.Build.0 = Debug|Any CPU
		{682A11E9-38E2-4B88-A9F0-5FF8F1EFD370}.Release|Any CPU.ActiveCfg = Release|Any CPU
		{682A11E9-38E2-4B88-A9F0-5FF8F1EFD370}.Release|Any CPU.Build.0 = Release|Any CPU
		{682A11E9-38E2-4B88-A9F0-5FF8F1EFD370}.Release|x64.ActiveCfg = Release|Any CPU
		{682A11E9-38E2-4B88-A9F0-5FF8F1EFD370}.Release|x64.Build.0 = Release|Any CPU
		{682A11E9-38E2-4B88-A9F0-5FF8F1EFD370}.Release|x86.ActiveCfg = Release|Any CPU
		{682A11E9-38E2-4B88-A9F0-5FF8F1EFD370}.Release|x86.Build.0 = Release|Any CPU
		{01D0467A-0201-41B5-959E-B211EA3151C6}.Debug|Any CPU.ActiveCfg = Debug|Any CPU
		{01D0467A-0201-41B5-959E-B211EA3151C6}.Debug|Any CPU.Build.0 = Debug|Any CPU
		{01D0467A-0201-41B5-959E-B211EA3151C6}.Debug|x64.ActiveCfg = Debug|Any CPU
		{01D0467A-0201-41B5-959E-B211EA3151C6}.Debug|x64.Build.0 = Debug|Any CPU
		{01D0467A-0201-41B5-959E-B211EA3151C6}.Debug|x86.ActiveCfg = Debug|Any CPU
		{01D0467A-0201-41B5-959E-B211EA3151C6}.Debug|x86.Build.0 = Debug|Any CPU
		{01D0467A-0201-41B5-959E-B211EA3151C6}.Release|Any CPU.ActiveCfg = Release|Any CPU
		{01D0467A-0201-41B5-959E-B211EA3151C6}.Release|Any CPU.Build.0 = Release|Any CPU
		{01D0467A-0201-41B5-959E-B211EA3151C6}.Release|x64.ActiveCfg = Release|Any CPU
		{01D0467A-0201-41B5-959E-B211EA3151C6}.Release|x64.Build.0 = Release|Any CPU
		{01D0467A-0201-41B5-959E-B211EA3151C6}.Release|x86.ActiveCfg = Release|Any CPU
		{01D0467A-0201-41B5-959E-B211EA3151C6}.Release|x86.Build.0 = Release|Any CPU
		{EACF39CB-8922-4079-815C-0E2D0053E8E0}.Debug|Any CPU.ActiveCfg = Debug|Any CPU
		{EACF39CB-8922-4079-815C-0E2D0053E8E0}.Debug|Any CPU.Build.0 = Debug|Any CPU
		{EACF39CB-8922-4079-815C-0E2D0053E8E0}.Debug|x64.ActiveCfg = Debug|Any CPU
		{EACF39CB-8922-4079-815C-0E2D0053E8E0}.Debug|x64.Build.0 = Debug|Any CPU
		{EACF39CB-8922-4079-815C-0E2D0053E8E0}.Debug|x86.ActiveCfg = Debug|Any CPU
		{EACF39CB-8922-4079-815C-0E2D0053E8E0}.Debug|x86.Build.0 = Debug|Any CPU
		{EACF39CB-8922-4079-815C-0E2D0053E8E0}.Release|Any CPU.ActiveCfg = Release|Any CPU
		{EACF39CB-8922-4079-815C-0E2D0053E8E0}.Release|Any CPU.Build.0 = Release|Any CPU
		{EACF39CB-8922-4079-815C-0E2D0053E8E0}.Release|x64.ActiveCfg = Release|Any CPU
		{EACF39CB-8922-4079-815C-0E2D0053E8E0}.Release|x64.Build.0 = Release|Any CPU
		{EACF39CB-8922-4079-815C-0E2D0053E8E0}.Release|x86.ActiveCfg = Release|Any CPU
		{EACF39CB-8922-4079-815C-0E2D0053E8E0}.Release|x86.Build.0 = Release|Any CPU
		{BAD645E2-D09A-4248-81BB-8AD392A583F0}.Debug|Any CPU.ActiveCfg = Debug|Any CPU
		{BAD645E2-D09A-4248-81BB-8AD392A583F0}.Debug|Any CPU.Build.0 = Debug|Any CPU
		{BAD645E2-D09A-4248-81BB-8AD392A583F0}.Debug|x64.ActiveCfg = Debug|Any CPU
		{BAD645E2-D09A-4248-81BB-8AD392A583F0}.Debug|x64.Build.0 = Debug|Any CPU
		{BAD645E2-D09A-4248-81BB-8AD392A583F0}.Debug|x86.ActiveCfg = Debug|Any CPU
		{BAD645E2-D09A-4248-81BB-8AD392A583F0}.Debug|x86.Build.0 = Debug|Any CPU
		{BAD645E2-D09A-4248-81BB-8AD392A583F0}.Release|Any CPU.ActiveCfg = Release|Any CPU
		{BAD645E2-D09A-4248-81BB-8AD392A583F0}.Release|Any CPU.Build.0 = Release|Any CPU
		{BAD645E2-D09A-4248-81BB-8AD392A583F0}.Release|x64.ActiveCfg = Release|Any CPU
		{BAD645E2-D09A-4248-81BB-8AD392A583F0}.Release|x64.Build.0 = Release|Any CPU
		{BAD645E2-D09A-4248-81BB-8AD392A583F0}.Release|x86.ActiveCfg = Release|Any CPU
		{BAD645E2-D09A-4248-81BB-8AD392A583F0}.Release|x86.Build.0 = Release|Any CPU
		{E181012F-779C-4910-8A17-5AD1AC229DC2}.Debug|Any CPU.ActiveCfg = Debug|Any CPU
		{E181012F-779C-4910-8A17-5AD1AC229DC2}.Debug|Any CPU.Build.0 = Debug|Any CPU
		{E181012F-779C-4910-8A17-5AD1AC229DC2}.Debug|x64.ActiveCfg = Debug|Any CPU
		{E181012F-779C-4910-8A17-5AD1AC229DC2}.Debug|x64.Build.0 = Debug|Any CPU
		{E181012F-779C-4910-8A17-5AD1AC229DC2}.Debug|x86.ActiveCfg = Debug|Any CPU
		{E181012F-779C-4910-8A17-5AD1AC229DC2}.Debug|x86.Build.0 = Debug|Any CPU
		{E181012F-779C-4910-8A17-5AD1AC229DC2}.Release|Any CPU.ActiveCfg = Release|Any CPU
		{E181012F-779C-4910-8A17-5AD1AC229DC2}.Release|Any CPU.Build.0 = Release|Any CPU
		{E181012F-779C-4910-8A17-5AD1AC229DC2}.Release|x64.ActiveCfg = Release|Any CPU
		{E181012F-779C-4910-8A17-5AD1AC229DC2}.Release|x64.Build.0 = Release|Any CPU
		{E181012F-779C-4910-8A17-5AD1AC229DC2}.Release|x86.ActiveCfg = Release|Any CPU
		{E181012F-779C-4910-8A17-5AD1AC229DC2}.Release|x86.Build.0 = Release|Any CPU
		{CCF06230-4D15-4312-838D-3D3FEDC5B2DC}.Debug|Any CPU.ActiveCfg = Debug|Any CPU
		{CCF06230-4D15-4312-838D-3D3FEDC5B2DC}.Debug|Any CPU.Build.0 = Debug|Any CPU
		{CCF06230-4D15-4312-838D-3D3FEDC5B2DC}.Debug|x64.ActiveCfg = Debug|Any CPU
		{CCF06230-4D15-4312-838D-3D3FEDC5B2DC}.Debug|x64.Build.0 = Debug|Any CPU
		{CCF06230-4D15-4312-838D-3D3FEDC5B2DC}.Debug|x86.ActiveCfg = Debug|Any CPU
		{CCF06230-4D15-4312-838D-3D3FEDC5B2DC}.Debug|x86.Build.0 = Debug|Any CPU
		{CCF06230-4D15-4312-838D-3D3FEDC5B2DC}.Release|Any CPU.ActiveCfg = Release|Any CPU
		{CCF06230-4D15-4312-838D-3D3FEDC5B2DC}.Release|Any CPU.Build.0 = Release|Any CPU
		{CCF06230-4D15-4312-838D-3D3FEDC5B2DC}.Release|x64.ActiveCfg = Release|Any CPU
		{CCF06230-4D15-4312-838D-3D3FEDC5B2DC}.Release|x64.Build.0 = Release|Any CPU
		{CCF06230-4D15-4312-838D-3D3FEDC5B2DC}.Release|x86.ActiveCfg = Release|Any CPU
		{CCF06230-4D15-4312-838D-3D3FEDC5B2DC}.Release|x86.Build.0 = Release|Any CPU
	EndGlobalSection
	GlobalSection(SolutionProperties) = preSolution
		HideSolutionNode = FALSE
	EndGlobalSection
	GlobalSection(NestedProjects) = preSolution
		{8D99AE9B-1CF9-4A26-950A-EBC9ED076060} = {25834A3B-01B0-47D5-B891-58DD52896532}
		{22AA3415-E273-40A3-9F3C-279FC21A4FF9} = {8D99AE9B-1CF9-4A26-950A-EBC9ED076060}
		{3853B05A-6F45-4A7F-860B-FCA8C4AE9A90} = {8D99AE9B-1CF9-4A26-950A-EBC9ED076060}
		{CA535515-7831-4B38-9327-B1B64172871C} = {25834A3B-01B0-47D5-B891-58DD52896532}
		{321996DA-5258-4029-9A49-4121C7D1377A} = {F3E5F8A1-DEF5-4540-A4B0-73ABB7129801}
		{20C24988-F307-4957-8547-7201F6593FCD} = {F3E5F8A1-DEF5-4540-A4B0-73ABB7129801}
		{FF1A6329-0D5F-4849-B66C-C947AEB74AFE} = {24582C8A-3FB9-4856-BA31-F72F4EE9CDE5}
		{E028277D-079E-477D-9EB1-1A722C74F33F} = {F3E5F8A1-DEF5-4540-A4B0-73ABB7129801}
		{9E8DE438-DB24-4083-A014-B7A80DA43DB0} = {F3E5F8A1-DEF5-4540-A4B0-73ABB7129801}
		{8729447A-72E9-4FD6-A83F-E00658A109F3} = {24582C8A-3FB9-4856-BA31-F72F4EE9CDE5}
		{C0DFABEA-4A13-48BE-8955-2A1DC14BC33B} = {609F40C5-C560-40E6-76C7-691311A42DF0}
		{381AF81A-B719-4D2D-B227-A48E4F625A57} = {CA535515-7831-4B38-9327-B1B64172871C}
		{A3CBEF86-B37E-48F3-B6B8-FE6A648576F1} = {CA535515-7831-4B38-9327-B1B64172871C}
		{C6C39E87-38D9-4C21-8BA8-763E81BED945} = {F3E5F8A1-DEF5-4540-A4B0-73ABB7129801}
		{930BD426-7750-4A83-9960-FB690DFEB1D8} = {CA535515-7831-4B38-9327-B1B64172871C}
		{EF560B85-2ED8-43D1-B6C4-8B9A86EA5A99} = {CA535515-7831-4B38-9327-B1B64172871C}
		{B371C51E-F8C1-4C16-90B2-97F81CA468E7} = {CA535515-7831-4B38-9327-B1B64172871C}
		{9ADC90DD-4BB4-7ECA-3829-77F3D3585167} = {5D20AA90-6969-D8BD-9DCD-8634F4692FDA}
		{7ECE0E98-DEAD-4AA7-EA8E-024153B37381} = {9ADC90DD-4BB4-7ECA-3829-77F3D3585167}
		{31AABE78-EFEF-465E-B507-7D481A8C2ED3} = {7ECE0E98-DEAD-4AA7-EA8E-024153B37381}
		{55A4D31E-FFDA-655E-43D8-193CD5F4B2C7} = {9ADC90DD-4BB4-7ECA-3829-77F3D3585167}
		{1DE23499-14D0-4BA2-AEA4-2BFB20C1133F} = {55A4D31E-FFDA-655E-43D8-193CD5F4B2C7}
		{813802F4-70B0-925D-8F8F-208C9A135882} = {9ADC90DD-4BB4-7ECA-3829-77F3D3585167}
		{8A179090-24D1-464D-802C-525B92359DC7} = {813802F4-70B0-925D-8F8F-208C9A135882}
		{5E750673-59E8-4E46-E3B9-74F556B075FE} = {5D20AA90-6969-D8BD-9DCD-8634F4692FDA}
		{ED2B05E5-6156-45EA-9527-77F14D284A48} = {5E750673-59E8-4E46-E3B9-74F556B075FE}
		{3AA66F5B-D35B-4830-B73A-825F01EB4BB1} = {ED2B05E5-6156-45EA-9527-77F14D284A48}
		{2A7A437B-2C75-162E-6FFC-946FC816582C} = {5E750673-59E8-4E46-E3B9-74F556B075FE}
		{26822D5B-9271-4123-B070-73D8565C605E} = {2A7A437B-2C75-162E-6FFC-946FC816582C}
		{BD6B7FDF-F350-AAE1-A742-F1EA1A95F732} = {5D20AA90-6969-D8BD-9DCD-8634F4692FDA}
		{526DC79D-79F9-CBC8-D0CD-DBAED4DCBE47} = {BD6B7FDF-F350-AAE1-A742-F1EA1A95F732}
		{C56AA682-50DF-458B-80DB-79237098B613} = {526DC79D-79F9-CBC8-D0CD-DBAED4DCBE47}
		{4BE9993C-AE0C-FABB-7B73-F3AE257C2F40} = {BD6B7FDF-F350-AAE1-A742-F1EA1A95F732}
		{8FCC8D5B-4DEC-4C0A-8B2C-4A4D6CA70222} = {4BE9993C-AE0C-FABB-7B73-F3AE257C2F40}
		{F28D6758-5B3A-90DF-2680-2EF6D2BDA728} = {BD6B7FDF-F350-AAE1-A742-F1EA1A95F732}
		{03CB5D97-8D3E-DA33-628F-1A0C0AA9F6D1} = {F28D6758-5B3A-90DF-2680-2EF6D2BDA728}
		{3CFFA5BB-10ED-4961-A0A5-4DC15CF0438B} = {03CB5D97-8D3E-DA33-628F-1A0C0AA9F6D1}
		{72C96DA1-CF31-65DD-3612-8FB1A1F8C0D7} = {F28D6758-5B3A-90DF-2680-2EF6D2BDA728}
		{66890B45-BF15-4689-93E4-158689D90B85} = {72C96DA1-CF31-65DD-3612-8FB1A1F8C0D7}
		{27A279BA-AA4D-1723-2B9C-FC08FE7F78A1} = {F28D6758-5B3A-90DF-2680-2EF6D2BDA728}
		{06F1839E-96FB-4D70-AE98-DA636B9EDB09} = {27A279BA-AA4D-1723-2B9C-FC08FE7F78A1}
		{F9BB59BF-1D75-BFFB-99E3-BBD84FA89DD7} = {F28D6758-5B3A-90DF-2680-2EF6D2BDA728}
		{F31D22F5-0237-47B8-8991-6BF7987DCBAD} = {F9BB59BF-1D75-BFFB-99E3-BBD84FA89DD7}
		{E600425C-A490-58B3-DB6E-7E4C12D097DF} = {F28D6758-5B3A-90DF-2680-2EF6D2BDA728}
		{682A11E9-38E2-4B88-A9F0-5FF8F1EFD370} = {E600425C-A490-58B3-DB6E-7E4C12D097DF}
		{687414D4-6C5F-E313-2AF3-14B7839C10C4} = {5E750673-59E8-4E46-E3B9-74F556B075FE}
		{D041BCE5-746C-06B2-C939-A640377F79DB} = {687414D4-6C5F-E313-2AF3-14B7839C10C4}
		{01D0467A-0201-41B5-959E-B211EA3151C6} = {D041BCE5-746C-06B2-C939-A640377F79DB}
		{C3635FEC-324F-6064-B71F-C1634882320A} = {687414D4-6C5F-E313-2AF3-14B7839C10C4}
		{EACF39CB-8922-4079-815C-0E2D0053E8E0} = {C3635FEC-324F-6064-B71F-C1634882320A}
		{7045B056-019D-871F-A7CA-6AC48A71E61D} = {687414D4-6C5F-E313-2AF3-14B7839C10C4}
		{BAD645E2-D09A-4248-81BB-8AD392A583F0} = {7045B056-019D-871F-A7CA-6AC48A71E61D}
		{8C2219A8-8377-C6D8-C7E8-A9D41EB125B9} = {687414D4-6C5F-E313-2AF3-14B7839C10C4}
		{E181012F-779C-4910-8A17-5AD1AC229DC2} = {8C2219A8-8377-C6D8-C7E8-A9D41EB125B9}
		{CFEDE997-D185-819A-8B5A-9B1A33F5218B} = {687414D4-6C5F-E313-2AF3-14B7839C10C4}
		{CCF06230-4D15-4312-838D-3D3FEDC5B2DC} = {CFEDE997-D185-819A-8B5A-9B1A33F5218B}
	EndGlobalSection
EndGlobal
