
Microsoft Visual Studio Solution File, Format Version 12.00
# Visual Studio Version 17
VisualStudioVersion = 17.0.31903.59
MinimumVisualStudioVersion = 10.0.40219.1
Project("{2150E333-8FDC-42A3-9474-1A3956D46DE8}") = "Server", "Server", "{DAD03CFC-D5FA-AC94-41C7-9ABAB326F09E}"
EndProject
Project("{FAE04EC0-301F-11D3-BF4B-00C04F79EFBC}") = "TicTacToe.SessionGateway.Server", "Server\TicTacToe.SessionGateway.Server.csproj", "{89C0F0FD-D88B-4FE5-A259-23A31A0A92FB}"
EndProject
Project("{2150E333-8FDC-42A3-9474-1A3956D46DE8}") = "Client", "Client", "{2CB42F12-E813-91B3-7D11-3220E40BEF4A}"
EndProject
Project("{FAE04EC0-301F-11D3-BF4B-00C04F79EFBC}") = "TicTacToe.SessionGateway.Client", "Client\TicTacToe.SessionGateway.Client.csproj", "{604225BD-A854-4BBA-B047-7E751B44CFE6}"
EndProject
Project("{2150E333-8FDC-42A3-9474-1A3956D46DE8}") = "Shared", "Shared", "{4F52FD11-658E-A102-6CD3-7D7C16FFA15B}"
EndProject
Project("{FAE04EC0-301F-11D3-BF4B-00C04F79EFBC}") = "TicTacToe.SessionGateway.Shared", "Shared\TicTacToe.SessionGateway.Shared.csproj", "{331A7329-F0F4-4B57-85EC-C52FE778D65D}"
EndProject
Project("{2150E333-8FDC-42A3-9474-1A3956D46DE8}") = "Api", "Api", "{D82C56D6-B2CD-F611-9E31-04638F7EC30E}"
EndProject
Project("{FAE04EC0-301F-11D3-BF4B-00C04F79EFBC}") = "TicTacToe.SessionGateway.Api", "Api\TicTacToe.SessionGateway.Api.csproj", "{C5D63672-9725-4544-8B04-AEA398973CA9}"
EndProject
Project("{2150E333-8FDC-42A3-9474-1A3956D46DE8}") = "Infrastructure", "Infrastructure", "{DFEE68D8-A7D0-1A41-506C-9B74AA9A7B7B}"
EndProject
Project("{FAE04EC0-301F-11D3-BF4B-00C04F79EFBC}") = "TicTacToe.SessionGateway.Infrastructure", "Infrastructure\TicTacToe.SessionGateway.Infrastructure.csproj", "{A9CEF1BC-4E69-4848-A878-3F28E78730AA}"
EndProject
Project("{2150E333-8FDC-42A3-9474-1A3956D46DE8}") = "Play", "Play", "{A21D5579-76B3-DDCD-27E0-775CFB1152D8}"
EndProject
Project("{FAE04EC0-301F-11D3-BF4B-00C04F79EFBC}") = "TicTacToe.SessionGateway.Play", "Play\TicTacToe.SessionGateway.Play.csproj", "{7DFE9E94-640A-47A4-B106-EDC56D79B3FF}"
EndProject
Project("{2150E333-8FDC-42A3-9474-1A3956D46DE8}") = "Session", "Session", "{ECCB47A9-6109-E96D-39C8-F71AAF4D3A61}"
EndProject
Project("{FAE04EC0-301F-11D3-BF4B-00C04F79EFBC}") = "TicTacToe.SessionGateway.Session", "Session\TicTacToe.SessionGateway.Session.csproj", "{C4F3AA2A-F10F-49EE-A59D-A0613599ABAF}"
EndProject
Project("{2150E333-8FDC-42A3-9474-1A3956D46DE8}") = "Registry", "Registry", "{AC898A04-A1AD-12CD-D42A-DFBA27498239}"
EndProject
Project("{FAE04EC0-301F-11D3-BF4B-00C04F79EFBC}") = "TicTacToe.SessionGateway.Registry", "Registry\TicTacToe.SessionGateway.Registry.csproj", "{5053511B-FADC-4976-8937-8997EF0834FE}"
EndProject
Global
	GlobalSection(SolutionConfigurationPlatforms) = preSolution
		Debug|Any CPU = Debug|Any CPU
		Debug|x64 = Debug|x64
		Debug|x86 = Debug|x86
		Release|Any CPU = Release|Any CPU
		Release|x64 = Release|x64
		Release|x86 = Release|x86
	EndGlobalSection
	GlobalSection(ProjectConfigurationPlatforms) = postSolution
		{89C0F0FD-D88B-4FE5-A259-23A31A0A92FB}.Debug|Any CPU.ActiveCfg = Debug|Any CPU
		{89C0F0FD-D88B-4FE5-A259-23A31A0A92FB}.Debug|Any CPU.Build.0 = Debug|Any CPU
		{89C0F0FD-D88B-4FE5-A259-23A31A0A92FB}.Debug|x64.ActiveCfg = Debug|Any CPU
		{89C0F0FD-D88B-4FE5-A259-23A31A0A92FB}.Debug|x64.Build.0 = Debug|Any CPU
		{89C0F0FD-D88B-4FE5-A259-23A31A0A92FB}.Debug|x86.ActiveCfg = Debug|Any CPU
		{89C0F0FD-D88B-4FE5-A259-23A31A0A92FB}.Debug|x86.Build.0 = Debug|Any CPU
		{89C0F0FD-D88B-4FE5-A259-23A31A0A92FB}.Release|Any CPU.ActiveCfg = Release|Any CPU
		{89C0F0FD-D88B-4FE5-A259-23A31A0A92FB}.Release|Any CPU.Build.0 = Release|Any CPU
		{89C0F0FD-D88B-4FE5-A259-23A31A0A92FB}.Release|x64.ActiveCfg = Release|Any CPU
		{89C0F0FD-D88B-4FE5-A259-23A31A0A92FB}.Release|x64.Build.0 = Release|Any CPU
		{89C0F0FD-D88B-4FE5-A259-23A31A0A92FB}.Release|x86.ActiveCfg = Release|Any CPU
		{89C0F0FD-D88B-4FE5-A259-23A31A0A92FB}.Release|x86.Build.0 = Release|Any CPU
		{604225BD-A854-4BBA-B047-7E751B44CFE6}.Debug|Any CPU.ActiveCfg = Debug|Any CPU
		{604225BD-A854-4BBA-B047-7E751B44CFE6}.Debug|Any CPU.Build.0 = Debug|Any CPU
		{604225BD-A854-4BBA-B047-7E751B44CFE6}.Debug|x64.ActiveCfg = Debug|Any CPU
		{604225BD-A854-4BBA-B047-7E751B44CFE6}.Debug|x64.Build.0 = Debug|Any CPU
		{604225BD-A854-4BBA-B047-7E751B44CFE6}.Debug|x86.ActiveCfg = Debug|Any CPU
		{604225BD-A854-4BBA-B047-7E751B44CFE6}.Debug|x86.Build.0 = Debug|Any CPU
		{604225BD-A854-4BBA-B047-7E751B44CFE6}.Release|Any CPU.ActiveCfg = Release|Any CPU
		{604225BD-A854-4BBA-B047-7E751B44CFE6}.Release|Any CPU.Build.0 = Release|Any CPU
		{604225BD-A854-4BBA-B047-7E751B44CFE6}.Release|x64.ActiveCfg = Release|Any CPU
		{604225BD-A854-4BBA-B047-7E751B44CFE6}.Release|x64.Build.0 = Release|Any CPU
		{604225BD-A854-4BBA-B047-7E751B44CFE6}.Release|x86.ActiveCfg = Release|Any CPU
		{604225BD-A854-4BBA-B047-7E751B44CFE6}.Release|x86.Build.0 = Release|Any CPU
		{331A7329-F0F4-4B57-85EC-C52FE778D65D}.Debug|Any CPU.ActiveCfg = Debug|Any CPU
		{331A7329-F0F4-4B57-85EC-C52FE778D65D}.Debug|Any CPU.Build.0 = Debug|Any CPU
		{331A7329-F0F4-4B57-85EC-C52FE778D65D}.Debug|x64.ActiveCfg = Debug|Any CPU
		{331A7329-F0F4-4B57-85EC-C52FE778D65D}.Debug|x64.Build.0 = Debug|Any CPU
		{331A7329-F0F4-4B57-85EC-C52FE778D65D}.Debug|x86.ActiveCfg = Debug|Any CPU
		{331A7329-F0F4-4B57-85EC-C52FE778D65D}.Debug|x86.Build.0 = Debug|Any CPU
		{331A7329-F0F4-4B57-85EC-C52FE778D65D}.Release|Any CPU.ActiveCfg = Release|Any CPU
		{331A7329-F0F4-4B57-85EC-C52FE778D65D}.Release|Any CPU.Build.0 = Release|Any CPU
		{331A7329-F0F4-4B57-85EC-C52FE778D65D}.Release|x64.ActiveCfg = Release|Any CPU
		{331A7329-F0F4-4B57-85EC-C52FE778D65D}.Release|x64.Build.0 = Release|Any CPU
		{331A7329-F0F4-4B57-85EC-C52FE778D65D}.Release|x86.ActiveCfg = Release|Any CPU
		{331A7329-F0F4-4B57-85EC-C52FE778D65D}.Release|x86.Build.0 = Release|Any CPU
		{C5D63672-9725-4544-8B04-AEA398973CA9}.Debug|Any CPU.ActiveCfg = Debug|Any CPU
		{C5D63672-9725-4544-8B04-AEA398973CA9}.Debug|Any CPU.Build.0 = Debug|Any CPU
		{C5D63672-9725-4544-8B04-AEA398973CA9}.Debug|x64.ActiveCfg = Debug|Any CPU
		{C5D63672-9725-4544-8B04-AEA398973CA9}.Debug|x64.Build.0 = Debug|Any CPU
		{C5D63672-9725-4544-8B04-AEA398973CA9}.Debug|x86.ActiveCfg = Debug|Any CPU
		{C5D63672-9725-4544-8B04-AEA398973CA9}.Debug|x86.Build.0 = Debug|Any CPU
		{C5D63672-9725-4544-8B04-AEA398973CA9}.Release|Any CPU.ActiveCfg = Release|Any CPU
		{C5D63672-9725-4544-8B04-AEA398973CA9}.Release|Any CPU.Build.0 = Release|Any CPU
		{C5D63672-9725-4544-8B04-AEA398973CA9}.Release|x64.ActiveCfg = Release|Any CPU
		{C5D63672-9725-4544-8B04-AEA398973CA9}.Release|x64.Build.0 = Release|Any CPU
		{C5D63672-9725-4544-8B04-AEA398973CA9}.Release|x86.ActiveCfg = Release|Any CPU
		{C5D63672-9725-4544-8B04-AEA398973CA9}.Release|x86.Build.0 = Release|Any CPU
		{A9CEF1BC-4E69-4848-A878-3F28E78730AA}.Debug|Any CPU.ActiveCfg = Debug|Any CPU
		{A9CEF1BC-4E69-4848-A878-3F28E78730AA}.Debug|Any CPU.Build.0 = Debug|Any CPU
		{A9CEF1BC-4E69-4848-A878-3F28E78730AA}.Debug|x64.ActiveCfg = Debug|Any CPU
		{A9CEF1BC-4E69-4848-A878-3F28E78730AA}.Debug|x64.Build.0 = Debug|Any CPU
		{A9CEF1BC-4E69-4848-A878-3F28E78730AA}.Debug|x86.ActiveCfg = Debug|Any CPU
		{A9CEF1BC-4E69-4848-A878-3F28E78730AA}.Debug|x86.Build.0 = Debug|Any CPU
		{A9CEF1BC-4E69-4848-A878-3F28E78730AA}.Release|Any CPU.ActiveCfg = Release|Any CPU
		{A9CEF1BC-4E69-4848-A878-3F28E78730AA}.Release|Any CPU.Build.0 = Release|Any CPU
		{A9CEF1BC-4E69-4848-A878-3F28E78730AA}.Release|x64.ActiveCfg = Release|Any CPU
		{A9CEF1BC-4E69-4848-A878-3F28E78730AA}.Release|x64.Build.0 = Release|Any CPU
		{A9CEF1BC-4E69-4848-A878-3F28E78730AA}.Release|x86.ActiveCfg = Release|Any CPU
		{A9CEF1BC-4E69-4848-A878-3F28E78730AA}.Release|x86.Build.0 = Release|Any CPU
		{7DFE9E94-640A-47A4-B106-EDC56D79B3FF}.Debug|Any CPU.ActiveCfg = Debug|Any CPU
		{7DFE9E94-640A-47A4-B106-EDC56D79B3FF}.Debug|Any CPU.Build.0 = Debug|Any CPU
		{7DFE9E94-640A-47A4-B106-EDC56D79B3FF}.Debug|x64.ActiveCfg = Debug|Any CPU
		{7DFE9E94-640A-47A4-B106-EDC56D79B3FF}.Debug|x64.Build.0 = Debug|Any CPU
		{7DFE9E94-640A-47A4-B106-EDC56D79B3FF}.Debug|x86.ActiveCfg = Debug|Any CPU
		{7DFE9E94-640A-47A4-B106-EDC56D79B3FF}.Debug|x86.Build.0 = Debug|Any CPU
		{7DFE9E94-640A-47A4-B106-EDC56D79B3FF}.Release|Any CPU.ActiveCfg = Release|Any CPU
		{7DFE9E94-640A-47A4-B106-EDC56D79B3FF}.Release|Any CPU.Build.0 = Release|Any CPU
		{7DFE9E94-640A-47A4-B106-EDC56D79B3FF}.Release|x64.ActiveCfg = Release|Any CPU
		{7DFE9E94-640A-47A4-B106-EDC56D79B3FF}.Release|x64.Build.0 = Release|Any CPU
		{7DFE9E94-640A-47A4-B106-EDC56D79B3FF}.Release|x86.ActiveCfg = Release|Any CPU
		{7DFE9E94-640A-47A4-B106-EDC56D79B3FF}.Release|x86.Build.0 = Release|Any CPU
		{C4F3AA2A-F10F-49EE-A59D-A0613599ABAF}.Debug|Any CPU.ActiveCfg = Debug|Any CPU
		{C4F3AA2A-F10F-49EE-A59D-A0613599ABAF}.Debug|Any CPU.Build.0 = Debug|Any CPU
		{C4F3AA2A-F10F-49EE-A59D-A0613599ABAF}.Debug|x64.ActiveCfg = Debug|Any CPU
		{C4F3AA2A-F10F-49EE-A59D-A0613599ABAF}.Debug|x64.Build.0 = Debug|Any CPU
		{C4F3AA2A-F10F-49EE-A59D-A0613599ABAF}.Debug|x86.ActiveCfg = Debug|Any CPU
		{C4F3AA2A-F10F-49EE-A59D-A0613599ABAF}.Debug|x86.Build.0 = Debug|Any CPU
		{C4F3AA2A-F10F-49EE-A59D-A0613599ABAF}.Release|Any CPU.ActiveCfg = Release|Any CPU
		{C4F3AA2A-F10F-49EE-A59D-A0613599ABAF}.Release|Any CPU.Build.0 = Release|Any CPU
		{C4F3AA2A-F10F-49EE-A59D-A0613599ABAF}.Release|x64.ActiveCfg = Release|Any CPU
		{C4F3AA2A-F10F-49EE-A59D-A0613599ABAF}.Release|x64.Build.0 = Release|Any CPU
		{C4F3AA2A-F10F-49EE-A59D-A0613599ABAF}.Release|x86.ActiveCfg = Release|Any CPU
		{C4F3AA2A-F10F-49EE-A59D-A0613599ABAF}.Release|x86.Build.0 = Release|Any CPU
		{5053511B-FADC-4976-8937-8997EF0834FE}.Debug|Any CPU.ActiveCfg = Debug|Any CPU
		{5053511B-FADC-4976-8937-8997EF0834FE}.Debug|Any CPU.Build.0 = Debug|Any CPU
		{5053511B-FADC-4976-8937-8997EF0834FE}.Debug|x64.ActiveCfg = Debug|Any CPU
		{5053511B-FADC-4976-8937-8997EF0834FE}.Debug|x64.Build.0 = Debug|Any CPU
		{5053511B-FADC-4976-8937-8997EF0834FE}.Debug|x86.ActiveCfg = Debug|Any CPU
		{5053511B-FADC-4976-8937-8997EF0834FE}.Debug|x86.Build.0 = Debug|Any CPU
		{5053511B-FADC-4976-8937-8997EF0834FE}.Release|Any CPU.ActiveCfg = Release|Any CPU
		{5053511B-FADC-4976-8937-8997EF0834FE}.Release|Any CPU.Build.0 = Release|Any CPU
		{5053511B-FADC-4976-8937-8997EF0834FE}.Release|x64.ActiveCfg = Release|Any CPU
		{5053511B-FADC-4976-8937-8997EF0834FE}.Release|x64.Build.0 = Release|Any CPU
		{5053511B-FADC-4976-8937-8997EF0834FE}.Release|x86.ActiveCfg = Release|Any CPU
		{5053511B-FADC-4976-8937-8997EF0834FE}.Release|x86.Build.0 = Release|Any CPU
	EndGlobalSection
	GlobalSection(SolutionProperties) = preSolution
		HideSolutionNode = FALSE
	EndGlobalSection
	GlobalSection(NestedProjects) = preSolution
		{89C0F0FD-D88B-4FE5-A259-23A31A0A92FB} = {DAD03CFC-D5FA-AC94-41C7-9ABAB326F09E}
		{604225BD-A854-4BBA-B047-7E751B44CFE6} = {2CB42F12-E813-91B3-7D11-3220E40BEF4A}
		{331A7329-F0F4-4B57-85EC-C52FE778D65D} = {4F52FD11-658E-A102-6CD3-7D7C16FFA15B}
		{C5D63672-9725-4544-8B04-AEA398973CA9} = {D82C56D6-B2CD-F611-9E31-04638F7EC30E}
		{A9CEF1BC-4E69-4848-A878-3F28E78730AA} = {DFEE68D8-A7D0-1A41-506C-9B74AA9A7B7B}
		{7DFE9E94-640A-47A4-B106-EDC56D79B3FF} = {A21D5579-76B3-DDCD-27E0-775CFB1152D8}
		{C4F3AA2A-F10F-49EE-A59D-A0613599ABAF} = {ECCB47A9-6109-E96D-39C8-F71AAF4D3A61}
		{5053511B-FADC-4976-8937-8997EF0834FE} = {AC898A04-A1AD-12CD-D42A-DFBA27498239}
	EndGlobalSection
EndGlobal
